// !$*UTF8*$!
{
	archiveVersion = 1;
	classes = {
	};
	objectVersion = 55;
	objects = {

/* Begin PBXBuildFile section */
		ABCF6EBC90A8E0E37B9E3D7A /* Pods_ToyProject.framework in Frameworks */ = {isa = PBXBuildFile; fileRef = 3A439308B305145759E12955 /* Pods_ToyProject.framework */; };
		EF3CD69B28E682590038B4A9 /* LocalCoordinate+CoreDataProperties.swift in Sources */ = {isa = PBXBuildFile; fileRef = EF3CD69A28E682590038B4A9 /* LocalCoordinate+CoreDataProperties.swift */; };
		EF6C8DCC28D3F8C0000FB249 /* GoogleAPIClientForRESTCore in Frameworks */ = {isa = PBXBuildFile; productRef = EF6C8DCB28D3F8C0000FB249 /* GoogleAPIClientForRESTCore */; };
		EF6C8DCE28D3F8C0000FB249 /* GoogleAPIClientForREST_Oauth2 in Frameworks */ = {isa = PBXBuildFile; productRef = EF6C8DCD28D3F8C0000FB249 /* GoogleAPIClientForREST_Oauth2 */; };
		EF6C8DD028D3F8C0000FB249 /* GoogleAPIClientForREST_Speech in Frameworks */ = {isa = PBXBuildFile; productRef = EF6C8DCF28D3F8C0000FB249 /* GoogleAPIClientForREST_Speech */; };
		EF6C8DD228D3F8C0000FB249 /* GoogleAPIClientForREST_Translate in Frameworks */ = {isa = PBXBuildFile; productRef = EF6C8DD128D3F8C0000FB249 /* GoogleAPIClientForREST_Translate */; };
		EF6CB0DB28DA9E690028B832 /* SpeechController.swift in Sources */ = {isa = PBXBuildFile; fileRef = EF6CB0DA28DA9E690028B832 /* SpeechController.swift */; };
		EF6CB0DF28DAACEA0028B832 /* GlobalFunc.swift in Sources */ = {isa = PBXBuildFile; fileRef = EF6CB0DE28DAACEA0028B832 /* GlobalFunc.swift */; };
		EF6CB0ED28DBF2710028B832 /* GoogleService-Info.plist in Resources */ = {isa = PBXBuildFile; fileRef = EF6CB0EC28DBF2710028B832 /* GoogleService-Info.plist */; };
		EFB16B6228E4015700766A34 /* FirebaseAuth in Frameworks */ = {isa = PBXBuildFile; productRef = EFB16B6128E4015700766A34 /* FirebaseAuth */; };
		EFB16B6428E4015700766A34 /* FirebaseFunctions in Frameworks */ = {isa = PBXBuildFile; productRef = EFB16B6328E4015700766A34 /* FirebaseFunctions */; };
		EFB16BB028E4137E00766A34 /* AudioRecordView.swift in Sources */ = {isa = PBXBuildFile; fileRef = EFB16BAF28E4137E00766A34 /* AudioRecordView.swift */; };
		EFB16BB928E445E600766A34 /* AudioTitleService.swift in Sources */ = {isa = PBXBuildFile; fileRef = EFB16BB828E445E600766A34 /* AudioTitleService.swift */; };
		EFB16BBB28E51B0E00766A34 /* LoadingIndicator.swift in Sources */ = {isa = PBXBuildFile; fileRef = EFB16BBA28E51B0E00766A34 /* LoadingIndicator.swift */; };
		EFB16BBE28E51DA400766A34 /* VideoView.swift in Sources */ = {isa = PBXBuildFile; fileRef = EFB16BBD28E51DA400766A34 /* VideoView.swift */; };
		EFB16BC328E52A2200766A34 /* VideoViewModel.swift in Sources */ = {isa = PBXBuildFile; fileRef = EFB16BC228E52A2200766A34 /* VideoViewModel.swift */; };
		EFB16BC928E52A4800766A34 /* VideoModel.swift in Sources */ = {isa = PBXBuildFile; fileRef = EFB16BC828E52A4800766A34 /* VideoModel.swift */; };
		EFB16BCC28E5388800766A34 /* VideoCollectionView.swift in Sources */ = {isa = PBXBuildFile; fileRef = EFB16BCB28E5388800766A34 /* VideoCollectionView.swift */; };
		EFB16BD228E538A600766A34 /* VideoCollectionViewModel.swift in Sources */ = {isa = PBXBuildFile; fileRef = EFB16BD128E538A600766A34 /* VideoCollectionViewModel.swift */; };
		EFB16BD428E538B200766A34 /* VideoCollectionModel.swift in Sources */ = {isa = PBXBuildFile; fileRef = EFB16BD328E538B200766A34 /* VideoCollectionModel.swift */; };
		EFB16BDC28E5559600766A34 /* VideoCell.swift in Sources */ = {isa = PBXBuildFile; fileRef = EFB16BDB28E5559600766A34 /* VideoCell.swift */; };
		EFB16BDE28E555DC00766A34 /* VideoCollectionView+collectionview.swift in Sources */ = {isa = PBXBuildFile; fileRef = EFB16BDD28E555DC00766A34 /* VideoCollectionView+collectionview.swift */; };
		EFB16BE028E5609300766A34 /* VideoViewModel+.swift in Sources */ = {isa = PBXBuildFile; fileRef = EFB16BDF28E5609300766A34 /* VideoViewModel+.swift */; };
		EFB16BE328E56B3500766A34 /* AlbumManager.swift in Sources */ = {isa = PBXBuildFile; fileRef = EFB16BE228E56B3500766A34 /* AlbumManager.swift */; };
		EFB51A9628D4558600A26C9B /* CGRPCZlib in Frameworks */ = {isa = PBXBuildFile; productRef = EFB51A9528D4558600A26C9B /* CGRPCZlib */; };
		EFB51A9828D4558600A26C9B /* GRPC in Frameworks */ = {isa = PBXBuildFile; productRef = EFB51A9728D4558600A26C9B /* GRPC */; };
		EFB51A9A28D4558600A26C9B /* protoc-gen-grpc-swift in Frameworks */ = {isa = PBXBuildFile; productRef = EFB51A9928D4558600A26C9B /* protoc-gen-grpc-swift */; };
		EFCF9A7028DC4976004F42F0 /* cloud_speech.grpc.swift in Sources */ = {isa = PBXBuildFile; fileRef = EFCF9A6728DC4976004F42F0 /* cloud_speech.grpc.swift */; };
		EFCF9A7128DC4976004F42F0 /* status.pb.swift in Sources */ = {isa = PBXBuildFile; fileRef = EFCF9A6828DC4976004F42F0 /* status.pb.swift */; };
		EFCF9A7228DC4976004F42F0 /* cloud_speech.pb.swift in Sources */ = {isa = PBXBuildFile; fileRef = EFCF9A6928DC4976004F42F0 /* cloud_speech.pb.swift */; };
		EFCF9A7328DC4976004F42F0 /* annotations.pb.swift in Sources */ = {isa = PBXBuildFile; fileRef = EFCF9A6A28DC4976004F42F0 /* annotations.pb.swift */; };
		EFCF9A7428DC4976004F42F0 /* operations.grpc.swift in Sources */ = {isa = PBXBuildFile; fileRef = EFCF9A6B28DC4976004F42F0 /* operations.grpc.swift */; };
		EFCF9A7528DC4976004F42F0 /* http.pb.swift in Sources */ = {isa = PBXBuildFile; fileRef = EFCF9A6C28DC4976004F42F0 /* http.pb.swift */; };
		EFCF9A7628DC4976004F42F0 /* operations.pb.swift in Sources */ = {isa = PBXBuildFile; fileRef = EFCF9A6D28DC4976004F42F0 /* operations.pb.swift */; };
		EFCF9A7728DC4976004F42F0 /* resource.pb.swift in Sources */ = {isa = PBXBuildFile; fileRef = EFCF9A6E28DC4976004F42F0 /* resource.pb.swift */; };
		EFCF9A7828DC4976004F42F0 /* client.pb.swift in Sources */ = {isa = PBXBuildFile; fileRef = EFCF9A6F28DC4976004F42F0 /* client.pb.swift */; };
		EFD595C628D7ECBE003BAA25 /* TranslatorView.swift in Sources */ = {isa = PBXBuildFile; fileRef = EFD595C528D7ECBE003BAA25 /* TranslatorView.swift */; };
		EFD595C828D7ECC6003BAA25 /* TranslatorViewModel.swift in Sources */ = {isa = PBXBuildFile; fileRef = EFD595C728D7ECC6003BAA25 /* TranslatorViewModel.swift */; };
		EFD595CA28D7ECCB003BAA25 /* TranslatorModel.swift in Sources */ = {isa = PBXBuildFile; fileRef = EFD595C928D7ECCB003BAA25 /* TranslatorModel.swift */; };
		EFD595CC28D7ED2A003BAA25 /* TranslatorModel+color.swift in Sources */ = {isa = PBXBuildFile; fileRef = EFD595CB28D7ED2A003BAA25 /* TranslatorModel+color.swift */; };
		EFD595CE28D7FBF3003BAA25 /* TranslatorModel+image.swift in Sources */ = {isa = PBXBuildFile; fileRef = EFD595CD28D7FBF3003BAA25 /* TranslatorModel+image.swift */; };
		EFD595DA28D93A38003BAA25 /* TranslatorViewModel++.swift in Sources */ = {isa = PBXBuildFile; fileRef = EFD595D928D93A38003BAA25 /* TranslatorViewModel++.swift */; };
		EFD595DC28D93A65003BAA25 /* Papago.swift in Sources */ = {isa = PBXBuildFile; fileRef = EFD595DB28D93A65003BAA25 /* Papago.swift */; };
		EFD5962A28D97B56003BAA25 /* PapagoLanguageView.swift in Sources */ = {isa = PBXBuildFile; fileRef = EFD5962928D97B56003BAA25 /* PapagoLanguageView.swift */; };
		EFD5962C28D97CED003BAA25 /* PapagoModel.swift in Sources */ = {isa = PBXBuildFile; fileRef = EFD5962B28D97CED003BAA25 /* PapagoModel.swift */; };
		EFD5962F28D97D0C003BAA25 /* PapagoCell.swift in Sources */ = {isa = PBXBuildFile; fileRef = EFD5962E28D97D0C003BAA25 /* PapagoCell.swift */; };
		EFD5963328D9A58C003BAA25 /* extensions.swift in Sources */ = {isa = PBXBuildFile; fileRef = EFD5963228D9A58C003BAA25 /* extensions.swift */; };
		EFD5963528D9B71F003BAA25 /* TranslatorViewModel+++.swift in Sources */ = {isa = PBXBuildFile; fileRef = EFD5963428D9B71F003BAA25 /* TranslatorViewModel+++.swift */; };
		EFEB1A6928E15E9800D9CAC3 /* translation_service.pb.swift in Sources */ = {isa = PBXBuildFile; fileRef = EFEB1A6728E15E9800D9CAC3 /* translation_service.pb.swift */; };
		EFEB1A6A28E15E9800D9CAC3 /* translation_service.grpc.swift in Sources */ = {isa = PBXBuildFile; fileRef = EFEB1A6828E15E9800D9CAC3 /* translation_service.grpc.swift */; };
		EFEB1A6C28E160B700D9CAC3 /* TranslatorViewModel+audiocontroller.swift in Sources */ = {isa = PBXBuildFile; fileRef = EFEB1A6B28E160B700D9CAC3 /* TranslatorViewModel+audiocontroller.swift */; };
		EFEB1A6E28E1633600D9CAC3 /* TranslatorViewModel+voice.swift in Sources */ = {isa = PBXBuildFile; fileRef = EFEB1A6D28E1633600D9CAC3 /* TranslatorViewModel+voice.swift */; };
		EFEB1ABE28E1906A00D9CAC3 /* SpeechRecognizeService.swift in Sources */ = {isa = PBXBuildFile; fileRef = EFEB1ABD28E1906A00D9CAC3 /* SpeechRecognizeService.swift */; };
		EFEB1AC028E1963700D9CAC3 /* GoogleCloudModel.swift in Sources */ = {isa = PBXBuildFile; fileRef = EFEB1ABF28E1963700D9CAC3 /* GoogleCloudModel.swift */; };
		EFEB1AC428E27D1200D9CAC3 /* AudioStreamManager.swift in Sources */ = {isa = PBXBuildFile; fileRef = EFEB1AC328E27D1200D9CAC3 /* AudioStreamManager.swift */; };
		F05AA92E28D30B7600B77E4A /* AppDelegate.swift in Sources */ = {isa = PBXBuildFile; fileRef = F05AA92D28D30B7600B77E4A /* AppDelegate.swift */; };
		F05AA93028D30B7600B77E4A /* SceneDelegate.swift in Sources */ = {isa = PBXBuildFile; fileRef = F05AA92F28D30B7600B77E4A /* SceneDelegate.swift */; };
		F05AA93228D30B7600B77E4A /* ViewController.swift in Sources */ = {isa = PBXBuildFile; fileRef = F05AA93128D30B7600B77E4A /* ViewController.swift */; };
		F05AA93728D30B7700B77E4A /* Assets.xcassets in Resources */ = {isa = PBXBuildFile; fileRef = F05AA93628D30B7700B77E4A /* Assets.xcassets */; };
		F05AA93A28D30B7700B77E4A /* LaunchScreen.storyboard in Resources */ = {isa = PBXBuildFile; fileRef = F05AA93828D30B7700B77E4A /* LaunchScreen.storyboard */; };
		F05AA95128D3100A00B77E4A /* Logger.swift in Sources */ = {isa = PBXBuildFile; fileRef = F05AA94628D3100900B77E4A /* Logger.swift */; };
		F05AA95228D3100A00B77E4A /* PersistenceManager.swift in Sources */ = {isa = PBXBuildFile; fileRef = F05AA94828D3100900B77E4A /* PersistenceManager.swift */; };
		F05AA95328D3100A00B77E4A /* HTTPManager.swift in Sources */ = {isa = PBXBuildFile; fileRef = F05AA94A28D3100900B77E4A /* HTTPManager.swift */; };
		F05AA95428D3100A00B77E4A /* CALayer+.swift in Sources */ = {isa = PBXBuildFile; fileRef = F05AA94C28D3100900B77E4A /* CALayer+.swift */; };
		F05AA95528D3100A00B77E4A /* String+.swift in Sources */ = {isa = PBXBuildFile; fileRef = F05AA94D28D3100900B77E4A /* String+.swift */; };
		F05AA95628D3100A00B77E4A /* GlobalFunctions.swift in Sources */ = {isa = PBXBuildFile; fileRef = F05AA94E28D3100900B77E4A /* GlobalFunctions.swift */; };
		F05AA95728D3100A00B77E4A /* OpenXlsx.swift in Sources */ = {isa = PBXBuildFile; fileRef = F05AA95028D3100A00B77E4A /* OpenXlsx.swift */; };
		F05AA95C28D3102D00B77E4A /* meteorological_service.xlsx in Resources */ = {isa = PBXBuildFile; fileRef = F05AA95B28D3102D00B77E4A /* meteorological_service.xlsx */; };
		F05AA97528D3104D00B77E4A /* GoogleMapViewModel+Data.swift in Sources */ = {isa = PBXBuildFile; fileRef = F05AA96028D3104D00B77E4A /* GoogleMapViewModel+Data.swift */; };
		F05AA97628D3104D00B77E4A /* GoogleMapViewModel.swift in Sources */ = {isa = PBXBuildFile; fileRef = F05AA96128D3104D00B77E4A /* GoogleMapViewModel.swift */; };
		F05AA97728D3104D00B77E4A /* GoogleMapView+LocationManager.swift in Sources */ = {isa = PBXBuildFile; fileRef = F05AA96328D3104D00B77E4A /* GoogleMapView+LocationManager.swift */; };
		F05AA97828D3104D00B77E4A /* GoogleMapView+DataFunc.swift in Sources */ = {isa = PBXBuildFile; fileRef = F05AA96428D3104D00B77E4A /* GoogleMapView+DataFunc.swift */; };
		F05AA97928D3104D00B77E4A /* GoogleMapView+MapFunc.swift in Sources */ = {isa = PBXBuildFile; fileRef = F05AA96528D3104D00B77E4A /* GoogleMapView+MapFunc.swift */; };
		F05AA97A28D3104D00B77E4A /* GoogleMapView+Bind.swift in Sources */ = {isa = PBXBuildFile; fileRef = F05AA96628D3104D00B77E4A /* GoogleMapView+Bind.swift */; };
		F05AA97B28D3104D00B77E4A /* GoogleMapView+MapDelegate.swift in Sources */ = {isa = PBXBuildFile; fileRef = F05AA96728D3104D00B77E4A /* GoogleMapView+MapDelegate.swift */; };
		F05AA97C28D3104D00B77E4A /* MeteorologicalItem.swift in Sources */ = {isa = PBXBuildFile; fileRef = F05AA96928D3104D00B77E4A /* MeteorologicalItem.swift */; };
		F05AA97D28D3104D00B77E4A /* WeatherInfo.swift in Sources */ = {isa = PBXBuildFile; fileRef = F05AA96A28D3104D00B77E4A /* WeatherInfo.swift */; };
		F05AA97E28D3104D00B77E4A /* GoogleMapView.storyboard in Resources */ = {isa = PBXBuildFile; fileRef = F05AA96C28D3104D00B77E4A /* GoogleMapView.storyboard */; };
		F05AA97F28D3104D00B77E4A /* WeatherMarkerView.swift in Sources */ = {isa = PBXBuildFile; fileRef = F05AA96E28D3104D00B77E4A /* WeatherMarkerView.swift */; };
		F05AA98028D3104D00B77E4A /* WeatherMarkerInfoView.swift in Sources */ = {isa = PBXBuildFile; fileRef = F05AA96F28D3104D00B77E4A /* WeatherMarkerInfoView.swift */; };
		F05AA98128D3104D00B77E4A /* SearchBarView+TextView.swift in Sources */ = {isa = PBXBuildFile; fileRef = F05AA97128D3104D00B77E4A /* SearchBarView+TextView.swift */; };
		F05AA98228D3104D00B77E4A /* SearchBarView.swift in Sources */ = {isa = PBXBuildFile; fileRef = F05AA97228D3104D00B77E4A /* SearchBarView.swift */; };
		F05AA98328D3104D00B77E4A /* RegionTableViewController.swift in Sources */ = {isa = PBXBuildFile; fileRef = F05AA97328D3104D00B77E4A /* RegionTableViewController.swift */; };
		F05AA98428D3104D00B77E4A /* GoogleMapViewController.swift in Sources */ = {isa = PBXBuildFile; fileRef = F05AA97428D3104D00B77E4A /* GoogleMapViewController.swift */; };
		F05AA99428D3107000B77E4A /* LocalCoordinate+CoreDataClass.swift in Sources */ = {isa = PBXBuildFile; fileRef = F05AA99228D3107000B77E4A /* LocalCoordinate+CoreDataClass.swift */; };
		F05AA99728D3108300B77E4A /* Model.xcdatamodeld in Sources */ = {isa = PBXBuildFile; fileRef = F05AA99528D3108300B77E4A /* Model.xcdatamodeld */; };
		F05AA99C28D3117F00B77E4A /* CoreXLSX in Frameworks */ = {isa = PBXBuildFile; productRef = F05AA99B28D3117F00B77E4A /* CoreXLSX */; };
		F05AA9A028D3120E00B77E4A /* ViewModelProtocol.swift in Sources */ = {isa = PBXBuildFile; fileRef = F05AA99F28D3120E00B77E4A /* ViewModelProtocol.swift */; };
		F069EC8328D3F12E00A89083 /* SearchBarView+Bind.swift in Sources */ = {isa = PBXBuildFile; fileRef = F069EC8228D3F12E00A89083 /* SearchBarView+Bind.swift */; };
		F069EC8728D434D300A89083 /* GoogleMapView+Keyboard.swift in Sources */ = {isa = PBXBuildFile; fileRef = F069EC8628D434D300A89083 /* GoogleMapView+Keyboard.swift */; };
		F069EC8928D4380D00A89083 /* Animation.swift in Sources */ = {isa = PBXBuildFile; fileRef = F069EC8828D4380D00A89083 /* Animation.swift */; };
		F069EC8B28D43AF900A89083 /* GoogleMapView+SearchBar.swift in Sources */ = {isa = PBXBuildFile; fileRef = F069EC8A28D43AF900A89083 /* GoogleMapView+SearchBar.swift */; };
		F06EDBA728EBB10700341247 /* WeatherHistoryCoordinator.swift in Sources */ = {isa = PBXBuildFile; fileRef = F06EDBA628EBB10700341247 /* WeatherHistoryCoordinator.swift */; };
		F06EDBA928EBB17400341247 /* DefaultWeatherHistoryCoordinator.swift in Sources */ = {isa = PBXBuildFile; fileRef = F06EDBA828EBB17400341247 /* DefaultWeatherHistoryCoordinator.swift */; };
		F06EDBAC28EBB30300341247 /* WeatherInfoHistoryViewController.swift in Sources */ = {isa = PBXBuildFile; fileRef = F06EDBAB28EBB30300341247 /* WeatherInfoHistoryViewController.swift */; };
		F06EDBAF28EBB6E300341247 /* WeatherInfoHistoryView+Bind.swift in Sources */ = {isa = PBXBuildFile; fileRef = F06EDBAE28EBB6E300341247 /* WeatherInfoHistoryView+Bind.swift */; };
		F06EDBB228EBB7D200341247 /* WeatherInfoHistoryViewModel.swift in Sources */ = {isa = PBXBuildFile; fileRef = F06EDBB128EBB7D200341247 /* WeatherInfoHistoryViewModel.swift */; };
		F06EDBB528EBB93E00341247 /* WeatherInfoHistoryView+TableView.swift in Sources */ = {isa = PBXBuildFile; fileRef = F06EDBB428EBB93E00341247 /* WeatherInfoHistoryView+TableView.swift */; };
		F088949928E6C3E8002430BD /* Localizable.strings in Resources */ = {isa = PBXBuildFile; fileRef = F088949B28E6C3E8002430BD /* Localizable.strings */; };
		F0A20E4328DD30EC005A61D3 /* CoordinatorFinishDelegate.swift in Sources */ = {isa = PBXBuildFile; fileRef = F0A20E4228DD30EC005A61D3 /* CoordinatorFinishDelegate.swift */; };
		F0AD04C928DA993E00D0E7FE /* Date+.swift in Sources */ = {isa = PBXBuildFile; fileRef = F0AD04C828DA993E00D0E7FE /* Date+.swift */; };
		F0AD04CD28DAEA6000D0E7FE /* WeatherHistoryViewController.swift in Sources */ = {isa = PBXBuildFile; fileRef = F0AD04CC28DAEA6000D0E7FE /* WeatherHistoryViewController.swift */; };
		F0AD04CF28DAF1CB00D0E7FE /* HistoryTableViewController.swift in Sources */ = {isa = PBXBuildFile; fileRef = F0AD04CE28DAF1CB00D0E7FE /* HistoryTableViewController.swift */; };
		F0BC0AC628DBD89B006C4F26 /* WeatherHistoryViewModel.swift in Sources */ = {isa = PBXBuildFile; fileRef = F0BC0AC528DBD89B006C4F26 /* WeatherHistoryViewModel.swift */; };
		F0BC0AC928DBDB0E006C4F26 /* WeatherHistoryViewController+Bind.swift in Sources */ = {isa = PBXBuildFile; fileRef = F0BC0AC828DBDB0E006C4F26 /* WeatherHistoryViewController+Bind.swift */; };
		F0BC0AD128DBFF31006C4F26 /* HistoryRow.swift in Sources */ = {isa = PBXBuildFile; fileRef = F0BC0AD028DBFF31006C4F26 /* HistoryRow.swift */; };
		F0BC0ADD28DC4D57006C4F26 /* Coordinator.swift in Sources */ = {isa = PBXBuildFile; fileRef = F0BC0ADC28DC4D57006C4F26 /* Coordinator.swift */; };
		F0BC0ADF28DC4D95006C4F26 /* MainCoordinator.swift in Sources */ = {isa = PBXBuildFile; fileRef = F0BC0ADE28DC4D95006C4F26 /* MainCoordinator.swift */; };
		F0BC0AE228DC524D006C4F26 /* ViewController+Bind.swift in Sources */ = {isa = PBXBuildFile; fileRef = F0BC0AE128DC524D006C4F26 /* ViewController+Bind.swift */; };
		F0C4903828D94CF600D957EF /* LoadingView.swift in Sources */ = {isa = PBXBuildFile; fileRef = F0C4903728D94CF600D957EF /* LoadingView.swift */; };
		F0C4903B28D9536B00D957EF /* LoadingViewController.swift in Sources */ = {isa = PBXBuildFile; fileRef = F0C4903A28D9536B00D957EF /* LoadingViewController.swift */; };
		F0C4903E28D9852E00D957EF /* Toast.swift in Sources */ = {isa = PBXBuildFile; fileRef = F0C4903D28D9852E00D957EF /* Toast.swift */; };
		F0C4904128D9858000D957EF /* NotifyDelegate.swift in Sources */ = {isa = PBXBuildFile; fileRef = F0C4904028D9858000D957EF /* NotifyDelegate.swift */; };
/* End PBXBuildFile section */

/* Begin PBXFileReference section */
		2289244BC57957B0E03CA89D /* Pods-ToyProject.release.xcconfig */ = {isa = PBXFileReference; includeInIndex = 1; lastKnownFileType = text.xcconfig; name = "Pods-ToyProject.release.xcconfig"; path = "Target Support Files/Pods-ToyProject/Pods-ToyProject.release.xcconfig"; sourceTree = "<group>"; };
		3A439308B305145759E12955 /* Pods_ToyProject.framework */ = {isa = PBXFileReference; explicitFileType = wrapper.framework; includeInIndex = 0; path = Pods_ToyProject.framework; sourceTree = BUILT_PRODUCTS_DIR; };
		B9D851FD8AED024BB375828A /* Pods-ToyProject.debug.xcconfig */ = {isa = PBXFileReference; includeInIndex = 1; lastKnownFileType = text.xcconfig; name = "Pods-ToyProject.debug.xcconfig"; path = "Target Support Files/Pods-ToyProject/Pods-ToyProject.debug.xcconfig"; sourceTree = "<group>"; };
		EF3CD69A28E682590038B4A9 /* LocalCoordinate+CoreDataProperties.swift */ = {isa = PBXFileReference; fileEncoding = 4; lastKnownFileType = sourcecode.swift; path = "LocalCoordinate+CoreDataProperties.swift"; sourceTree = "<group>"; };
		EF6CB0DA28DA9E690028B832 /* SpeechController.swift */ = {isa = PBXFileReference; lastKnownFileType = sourcecode.swift; path = SpeechController.swift; sourceTree = "<group>"; };
		EF6CB0DE28DAACEA0028B832 /* GlobalFunc.swift */ = {isa = PBXFileReference; lastKnownFileType = sourcecode.swift; path = GlobalFunc.swift; sourceTree = "<group>"; };
		EF6CB0EC28DBF2710028B832 /* GoogleService-Info.plist */ = {isa = PBXFileReference; fileEncoding = 4; lastKnownFileType = text.plist.xml; path = "GoogleService-Info.plist"; sourceTree = "<group>"; };
		EFB16BAF28E4137E00766A34 /* AudioRecordView.swift */ = {isa = PBXFileReference; lastKnownFileType = sourcecode.swift; path = AudioRecordView.swift; sourceTree = "<group>"; };
		EFB16BB828E445E600766A34 /* AudioTitleService.swift */ = {isa = PBXFileReference; lastKnownFileType = sourcecode.swift; path = AudioTitleService.swift; sourceTree = "<group>"; };
		EFB16BBA28E51B0E00766A34 /* LoadingIndicator.swift */ = {isa = PBXFileReference; lastKnownFileType = sourcecode.swift; path = LoadingIndicator.swift; sourceTree = "<group>"; };
		EFB16BBD28E51DA400766A34 /* VideoView.swift */ = {isa = PBXFileReference; lastKnownFileType = sourcecode.swift; path = VideoView.swift; sourceTree = "<group>"; };
		EFB16BC228E52A2200766A34 /* VideoViewModel.swift */ = {isa = PBXFileReference; lastKnownFileType = sourcecode.swift; path = VideoViewModel.swift; sourceTree = "<group>"; };
		EFB16BC828E52A4800766A34 /* VideoModel.swift */ = {isa = PBXFileReference; lastKnownFileType = sourcecode.swift; path = VideoModel.swift; sourceTree = "<group>"; };
		EFB16BCB28E5388800766A34 /* VideoCollectionView.swift */ = {isa = PBXFileReference; lastKnownFileType = sourcecode.swift; path = VideoCollectionView.swift; sourceTree = "<group>"; };
		EFB16BD128E538A600766A34 /* VideoCollectionViewModel.swift */ = {isa = PBXFileReference; lastKnownFileType = sourcecode.swift; path = VideoCollectionViewModel.swift; sourceTree = "<group>"; };
		EFB16BD328E538B200766A34 /* VideoCollectionModel.swift */ = {isa = PBXFileReference; lastKnownFileType = sourcecode.swift; path = VideoCollectionModel.swift; sourceTree = "<group>"; };
		EFB16BDB28E5559600766A34 /* VideoCell.swift */ = {isa = PBXFileReference; lastKnownFileType = sourcecode.swift; path = VideoCell.swift; sourceTree = "<group>"; };
		EFB16BDD28E555DC00766A34 /* VideoCollectionView+collectionview.swift */ = {isa = PBXFileReference; lastKnownFileType = sourcecode.swift; path = "VideoCollectionView+collectionview.swift"; sourceTree = "<group>"; };
		EFB16BDF28E5609300766A34 /* VideoViewModel+.swift */ = {isa = PBXFileReference; lastKnownFileType = sourcecode.swift; path = "VideoViewModel+.swift"; sourceTree = "<group>"; };
		EFB16BE228E56B3500766A34 /* AlbumManager.swift */ = {isa = PBXFileReference; lastKnownFileType = sourcecode.swift; path = AlbumManager.swift; sourceTree = "<group>"; };
		EFCF9A6728DC4976004F42F0 /* cloud_speech.grpc.swift */ = {isa = PBXFileReference; fileEncoding = 4; lastKnownFileType = sourcecode.swift; path = cloud_speech.grpc.swift; sourceTree = "<group>"; };
		EFCF9A6828DC4976004F42F0 /* status.pb.swift */ = {isa = PBXFileReference; fileEncoding = 4; lastKnownFileType = sourcecode.swift; path = status.pb.swift; sourceTree = "<group>"; };
		EFCF9A6928DC4976004F42F0 /* cloud_speech.pb.swift */ = {isa = PBXFileReference; fileEncoding = 4; lastKnownFileType = sourcecode.swift; path = cloud_speech.pb.swift; sourceTree = "<group>"; };
		EFCF9A6A28DC4976004F42F0 /* annotations.pb.swift */ = {isa = PBXFileReference; fileEncoding = 4; lastKnownFileType = sourcecode.swift; path = annotations.pb.swift; sourceTree = "<group>"; };
		EFCF9A6B28DC4976004F42F0 /* operations.grpc.swift */ = {isa = PBXFileReference; fileEncoding = 4; lastKnownFileType = sourcecode.swift; path = operations.grpc.swift; sourceTree = "<group>"; };
		EFCF9A6C28DC4976004F42F0 /* http.pb.swift */ = {isa = PBXFileReference; fileEncoding = 4; lastKnownFileType = sourcecode.swift; path = http.pb.swift; sourceTree = "<group>"; };
		EFCF9A6D28DC4976004F42F0 /* operations.pb.swift */ = {isa = PBXFileReference; fileEncoding = 4; lastKnownFileType = sourcecode.swift; path = operations.pb.swift; sourceTree = "<group>"; };
		EFCF9A6E28DC4976004F42F0 /* resource.pb.swift */ = {isa = PBXFileReference; fileEncoding = 4; lastKnownFileType = sourcecode.swift; path = resource.pb.swift; sourceTree = "<group>"; };
		EFCF9A6F28DC4976004F42F0 /* client.pb.swift */ = {isa = PBXFileReference; fileEncoding = 4; lastKnownFileType = sourcecode.swift; path = client.pb.swift; sourceTree = "<group>"; };
		EFD595C528D7ECBE003BAA25 /* TranslatorView.swift */ = {isa = PBXFileReference; lastKnownFileType = sourcecode.swift; path = TranslatorView.swift; sourceTree = "<group>"; };
		EFD595C728D7ECC6003BAA25 /* TranslatorViewModel.swift */ = {isa = PBXFileReference; lastKnownFileType = sourcecode.swift; path = TranslatorViewModel.swift; sourceTree = "<group>"; };
		EFD595C928D7ECCB003BAA25 /* TranslatorModel.swift */ = {isa = PBXFileReference; lastKnownFileType = sourcecode.swift; path = TranslatorModel.swift; sourceTree = "<group>"; };
		EFD595CB28D7ED2A003BAA25 /* TranslatorModel+color.swift */ = {isa = PBXFileReference; lastKnownFileType = sourcecode.swift; path = "TranslatorModel+color.swift"; sourceTree = "<group>"; };
		EFD595CD28D7FBF3003BAA25 /* TranslatorModel+image.swift */ = {isa = PBXFileReference; lastKnownFileType = sourcecode.swift; path = "TranslatorModel+image.swift"; sourceTree = "<group>"; };
		EFD595D928D93A38003BAA25 /* TranslatorViewModel++.swift */ = {isa = PBXFileReference; lastKnownFileType = sourcecode.swift; path = "TranslatorViewModel++.swift"; sourceTree = "<group>"; };
		EFD595DB28D93A65003BAA25 /* Papago.swift */ = {isa = PBXFileReference; lastKnownFileType = sourcecode.swift; path = Papago.swift; sourceTree = "<group>"; };
		EFD5962928D97B56003BAA25 /* PapagoLanguageView.swift */ = {isa = PBXFileReference; lastKnownFileType = sourcecode.swift; path = PapagoLanguageView.swift; sourceTree = "<group>"; };
		EFD5962B28D97CED003BAA25 /* PapagoModel.swift */ = {isa = PBXFileReference; lastKnownFileType = sourcecode.swift; path = PapagoModel.swift; sourceTree = "<group>"; };
		EFD5962E28D97D0C003BAA25 /* PapagoCell.swift */ = {isa = PBXFileReference; lastKnownFileType = sourcecode.swift; path = PapagoCell.swift; sourceTree = "<group>"; };
		EFD5963228D9A58C003BAA25 /* extensions.swift */ = {isa = PBXFileReference; lastKnownFileType = sourcecode.swift; path = extensions.swift; sourceTree = "<group>"; };
		EFD5963428D9B71F003BAA25 /* TranslatorViewModel+++.swift */ = {isa = PBXFileReference; lastKnownFileType = sourcecode.swift; path = "TranslatorViewModel+++.swift"; sourceTree = "<group>"; };
		EFEB1A6728E15E9800D9CAC3 /* translation_service.pb.swift */ = {isa = PBXFileReference; fileEncoding = 4; lastKnownFileType = sourcecode.swift; path = translation_service.pb.swift; sourceTree = "<group>"; };
		EFEB1A6828E15E9800D9CAC3 /* translation_service.grpc.swift */ = {isa = PBXFileReference; fileEncoding = 4; lastKnownFileType = sourcecode.swift; path = translation_service.grpc.swift; sourceTree = "<group>"; };
		EFEB1A6B28E160B700D9CAC3 /* TranslatorViewModel+audiocontroller.swift */ = {isa = PBXFileReference; lastKnownFileType = sourcecode.swift; path = "TranslatorViewModel+audiocontroller.swift"; sourceTree = "<group>"; };
		EFEB1A6D28E1633600D9CAC3 /* TranslatorViewModel+voice.swift */ = {isa = PBXFileReference; lastKnownFileType = sourcecode.swift; path = "TranslatorViewModel+voice.swift"; sourceTree = "<group>"; };
		EFEB1ABD28E1906A00D9CAC3 /* SpeechRecognizeService.swift */ = {isa = PBXFileReference; lastKnownFileType = sourcecode.swift; path = SpeechRecognizeService.swift; sourceTree = "<group>"; };
		EFEB1ABF28E1963700D9CAC3 /* GoogleCloudModel.swift */ = {isa = PBXFileReference; lastKnownFileType = sourcecode.swift; path = GoogleCloudModel.swift; sourceTree = "<group>"; };
		EFEB1AC328E27D1200D9CAC3 /* AudioStreamManager.swift */ = {isa = PBXFileReference; lastKnownFileType = sourcecode.swift; path = AudioStreamManager.swift; sourceTree = "<group>"; };
		F05AA92A28D30B7600B77E4A /* ToyProject.app */ = {isa = PBXFileReference; explicitFileType = wrapper.application; includeInIndex = 0; path = ToyProject.app; sourceTree = BUILT_PRODUCTS_DIR; };
		F05AA92D28D30B7600B77E4A /* AppDelegate.swift */ = {isa = PBXFileReference; lastKnownFileType = sourcecode.swift; path = AppDelegate.swift; sourceTree = "<group>"; };
		F05AA92F28D30B7600B77E4A /* SceneDelegate.swift */ = {isa = PBXFileReference; lastKnownFileType = sourcecode.swift; path = SceneDelegate.swift; sourceTree = "<group>"; };
		F05AA93128D30B7600B77E4A /* ViewController.swift */ = {isa = PBXFileReference; lastKnownFileType = sourcecode.swift; path = ViewController.swift; sourceTree = "<group>"; };
		F05AA93628D30B7700B77E4A /* Assets.xcassets */ = {isa = PBXFileReference; lastKnownFileType = folder.assetcatalog; path = Assets.xcassets; sourceTree = "<group>"; };
		F05AA93928D30B7700B77E4A /* Base */ = {isa = PBXFileReference; lastKnownFileType = file.storyboard; name = Base; path = Base.lproj/LaunchScreen.storyboard; sourceTree = "<group>"; };
		F05AA93B28D30B7700B77E4A /* Info.plist */ = {isa = PBXFileReference; lastKnownFileType = text.plist.xml; path = Info.plist; sourceTree = "<group>"; };
		F05AA94628D3100900B77E4A /* Logger.swift */ = {isa = PBXFileReference; fileEncoding = 4; lastKnownFileType = sourcecode.swift; path = Logger.swift; sourceTree = "<group>"; };
		F05AA94828D3100900B77E4A /* PersistenceManager.swift */ = {isa = PBXFileReference; fileEncoding = 4; lastKnownFileType = sourcecode.swift; path = PersistenceManager.swift; sourceTree = "<group>"; };
		F05AA94A28D3100900B77E4A /* HTTPManager.swift */ = {isa = PBXFileReference; fileEncoding = 4; lastKnownFileType = sourcecode.swift; path = HTTPManager.swift; sourceTree = "<group>"; };
		F05AA94C28D3100900B77E4A /* CALayer+.swift */ = {isa = PBXFileReference; fileEncoding = 4; lastKnownFileType = sourcecode.swift; path = "CALayer+.swift"; sourceTree = "<group>"; };
		F05AA94D28D3100900B77E4A /* String+.swift */ = {isa = PBXFileReference; fileEncoding = 4; lastKnownFileType = sourcecode.swift; path = "String+.swift"; sourceTree = "<group>"; };
		F05AA94E28D3100900B77E4A /* GlobalFunctions.swift */ = {isa = PBXFileReference; fileEncoding = 4; lastKnownFileType = sourcecode.swift; path = GlobalFunctions.swift; sourceTree = "<group>"; };
		F05AA95028D3100A00B77E4A /* OpenXlsx.swift */ = {isa = PBXFileReference; fileEncoding = 4; lastKnownFileType = sourcecode.swift; path = OpenXlsx.swift; sourceTree = "<group>"; };
		F05AA95B28D3102D00B77E4A /* meteorological_service.xlsx */ = {isa = PBXFileReference; lastKnownFileType = file; path = meteorological_service.xlsx; sourceTree = "<group>"; };
		F05AA96028D3104D00B77E4A /* GoogleMapViewModel+Data.swift */ = {isa = PBXFileReference; fileEncoding = 4; lastKnownFileType = sourcecode.swift; path = "GoogleMapViewModel+Data.swift"; sourceTree = "<group>"; };
		F05AA96128D3104D00B77E4A /* GoogleMapViewModel.swift */ = {isa = PBXFileReference; fileEncoding = 4; lastKnownFileType = sourcecode.swift; path = GoogleMapViewModel.swift; sourceTree = "<group>"; };
		F05AA96328D3104D00B77E4A /* GoogleMapView+LocationManager.swift */ = {isa = PBXFileReference; fileEncoding = 4; lastKnownFileType = sourcecode.swift; path = "GoogleMapView+LocationManager.swift"; sourceTree = "<group>"; };
		F05AA96428D3104D00B77E4A /* GoogleMapView+DataFunc.swift */ = {isa = PBXFileReference; fileEncoding = 4; lastKnownFileType = sourcecode.swift; path = "GoogleMapView+DataFunc.swift"; sourceTree = "<group>"; };
		F05AA96528D3104D00B77E4A /* GoogleMapView+MapFunc.swift */ = {isa = PBXFileReference; fileEncoding = 4; lastKnownFileType = sourcecode.swift; path = "GoogleMapView+MapFunc.swift"; sourceTree = "<group>"; };
		F05AA96628D3104D00B77E4A /* GoogleMapView+Bind.swift */ = {isa = PBXFileReference; fileEncoding = 4; lastKnownFileType = sourcecode.swift; path = "GoogleMapView+Bind.swift"; sourceTree = "<group>"; };
		F05AA96728D3104D00B77E4A /* GoogleMapView+MapDelegate.swift */ = {isa = PBXFileReference; fileEncoding = 4; lastKnownFileType = sourcecode.swift; path = "GoogleMapView+MapDelegate.swift"; sourceTree = "<group>"; };
		F05AA96928D3104D00B77E4A /* MeteorologicalItem.swift */ = {isa = PBXFileReference; fileEncoding = 4; lastKnownFileType = sourcecode.swift; path = MeteorologicalItem.swift; sourceTree = "<group>"; };
		F05AA96A28D3104D00B77E4A /* WeatherInfo.swift */ = {isa = PBXFileReference; fileEncoding = 4; lastKnownFileType = sourcecode.swift; path = WeatherInfo.swift; sourceTree = "<group>"; };
		F05AA96C28D3104D00B77E4A /* GoogleMapView.storyboard */ = {isa = PBXFileReference; fileEncoding = 4; lastKnownFileType = file.storyboard; path = GoogleMapView.storyboard; sourceTree = "<group>"; };
		F05AA96E28D3104D00B77E4A /* WeatherMarkerView.swift */ = {isa = PBXFileReference; fileEncoding = 4; lastKnownFileType = sourcecode.swift; path = WeatherMarkerView.swift; sourceTree = "<group>"; };
		F05AA96F28D3104D00B77E4A /* WeatherMarkerInfoView.swift */ = {isa = PBXFileReference; fileEncoding = 4; lastKnownFileType = sourcecode.swift; path = WeatherMarkerInfoView.swift; sourceTree = "<group>"; };
		F05AA97128D3104D00B77E4A /* SearchBarView+TextView.swift */ = {isa = PBXFileReference; fileEncoding = 4; lastKnownFileType = sourcecode.swift; path = "SearchBarView+TextView.swift"; sourceTree = "<group>"; };
		F05AA97228D3104D00B77E4A /* SearchBarView.swift */ = {isa = PBXFileReference; fileEncoding = 4; lastKnownFileType = sourcecode.swift; path = SearchBarView.swift; sourceTree = "<group>"; };
		F05AA97328D3104D00B77E4A /* RegionTableViewController.swift */ = {isa = PBXFileReference; fileEncoding = 4; lastKnownFileType = sourcecode.swift; path = RegionTableViewController.swift; sourceTree = "<group>"; };
		F05AA97428D3104D00B77E4A /* GoogleMapViewController.swift */ = {isa = PBXFileReference; fileEncoding = 4; lastKnownFileType = sourcecode.swift; path = GoogleMapViewController.swift; sourceTree = "<group>"; };
		F05AA99228D3107000B77E4A /* LocalCoordinate+CoreDataClass.swift */ = {isa = PBXFileReference; fileEncoding = 4; lastKnownFileType = sourcecode.swift; path = "LocalCoordinate+CoreDataClass.swift"; sourceTree = "<group>"; };
		F05AA99628D3108300B77E4A /* WeatherModel.xcdatamodel */ = {isa = PBXFileReference; lastKnownFileType = wrapper.xcdatamodel; path = WeatherModel.xcdatamodel; sourceTree = "<group>"; };
		F05AA99F28D3120E00B77E4A /* ViewModelProtocol.swift */ = {isa = PBXFileReference; fileEncoding = 4; lastKnownFileType = sourcecode.swift; path = ViewModelProtocol.swift; sourceTree = "<group>"; };
		F069EC8228D3F12E00A89083 /* SearchBarView+Bind.swift */ = {isa = PBXFileReference; lastKnownFileType = sourcecode.swift; path = "SearchBarView+Bind.swift"; sourceTree = "<group>"; };
		F069EC8628D434D300A89083 /* GoogleMapView+Keyboard.swift */ = {isa = PBXFileReference; lastKnownFileType = sourcecode.swift; path = "GoogleMapView+Keyboard.swift"; sourceTree = "<group>"; };
		F069EC8828D4380D00A89083 /* Animation.swift */ = {isa = PBXFileReference; lastKnownFileType = sourcecode.swift; path = Animation.swift; sourceTree = "<group>"; };
		F069EC8A28D43AF900A89083 /* GoogleMapView+SearchBar.swift */ = {isa = PBXFileReference; lastKnownFileType = sourcecode.swift; path = "GoogleMapView+SearchBar.swift"; sourceTree = "<group>"; };
		F06EDBA628EBB10700341247 /* WeatherHistoryCoordinator.swift */ = {isa = PBXFileReference; lastKnownFileType = sourcecode.swift; path = WeatherHistoryCoordinator.swift; sourceTree = "<group>"; };
		F06EDBA828EBB17400341247 /* DefaultWeatherHistoryCoordinator.swift */ = {isa = PBXFileReference; lastKnownFileType = sourcecode.swift; path = DefaultWeatherHistoryCoordinator.swift; sourceTree = "<group>"; };
		F06EDBAB28EBB30300341247 /* WeatherInfoHistoryViewController.swift */ = {isa = PBXFileReference; lastKnownFileType = sourcecode.swift; path = WeatherInfoHistoryViewController.swift; sourceTree = "<group>"; };
		F06EDBAE28EBB6E300341247 /* WeatherInfoHistoryView+Bind.swift */ = {isa = PBXFileReference; lastKnownFileType = sourcecode.swift; path = "WeatherInfoHistoryView+Bind.swift"; sourceTree = "<group>"; };
		F06EDBB128EBB7D200341247 /* WeatherInfoHistoryViewModel.swift */ = {isa = PBXFileReference; lastKnownFileType = sourcecode.swift; path = WeatherInfoHistoryViewModel.swift; sourceTree = "<group>"; };
		F06EDBB428EBB93E00341247 /* WeatherInfoHistoryView+TableView.swift */ = {isa = PBXFileReference; lastKnownFileType = sourcecode.swift; path = "WeatherInfoHistoryView+TableView.swift"; sourceTree = "<group>"; };
		F088949A28E6C3E8002430BD /* en */ = {isa = PBXFileReference; lastKnownFileType = text.plist.strings; name = en; path = en.lproj/Localizable.strings; sourceTree = "<group>"; };
		F088949C28E6C42D002430BD /* ko */ = {isa = PBXFileReference; lastKnownFileType = text.plist.strings; name = ko; path = ko.lproj/Localizable.strings; sourceTree = "<group>"; };
		F0A20E4228DD30EC005A61D3 /* CoordinatorFinishDelegate.swift */ = {isa = PBXFileReference; lastKnownFileType = sourcecode.swift; path = CoordinatorFinishDelegate.swift; sourceTree = "<group>"; };
		F0AD04C828DA993E00D0E7FE /* Date+.swift */ = {isa = PBXFileReference; lastKnownFileType = sourcecode.swift; path = "Date+.swift"; sourceTree = "<group>"; };
		F0AD04CC28DAEA6000D0E7FE /* WeatherHistoryViewController.swift */ = {isa = PBXFileReference; lastKnownFileType = sourcecode.swift; path = WeatherHistoryViewController.swift; sourceTree = "<group>"; };
		F0AD04CE28DAF1CB00D0E7FE /* HistoryTableViewController.swift */ = {isa = PBXFileReference; lastKnownFileType = sourcecode.swift; path = HistoryTableViewController.swift; sourceTree = "<group>"; };
		F0BBFC0A28E6F0FC00AA7075 /* zh-Hans */ = {isa = PBXFileReference; lastKnownFileType = text.plist.strings; name = "zh-Hans"; path = "zh-Hans.lproj/Localizable.strings"; sourceTree = "<group>"; };
		F0BC0AC528DBD89B006C4F26 /* WeatherHistoryViewModel.swift */ = {isa = PBXFileReference; lastKnownFileType = sourcecode.swift; path = WeatherHistoryViewModel.swift; sourceTree = "<group>"; };
		F0BC0AC828DBDB0E006C4F26 /* WeatherHistoryViewController+Bind.swift */ = {isa = PBXFileReference; lastKnownFileType = sourcecode.swift; path = "WeatherHistoryViewController+Bind.swift"; sourceTree = "<group>"; };
		F0BC0AD028DBFF31006C4F26 /* HistoryRow.swift */ = {isa = PBXFileReference; lastKnownFileType = sourcecode.swift; path = HistoryRow.swift; sourceTree = "<group>"; };
		F0BC0ADC28DC4D57006C4F26 /* Coordinator.swift */ = {isa = PBXFileReference; lastKnownFileType = sourcecode.swift; path = Coordinator.swift; sourceTree = "<group>"; };
		F0BC0ADE28DC4D95006C4F26 /* MainCoordinator.swift */ = {isa = PBXFileReference; lastKnownFileType = sourcecode.swift; path = MainCoordinator.swift; sourceTree = "<group>"; };
		F0BC0AE128DC524D006C4F26 /* ViewController+Bind.swift */ = {isa = PBXFileReference; lastKnownFileType = sourcecode.swift; path = "ViewController+Bind.swift"; sourceTree = "<group>"; };
		F0C4903728D94CF600D957EF /* LoadingView.swift */ = {isa = PBXFileReference; lastKnownFileType = sourcecode.swift; path = LoadingView.swift; sourceTree = "<group>"; };
		F0C4903A28D9536B00D957EF /* LoadingViewController.swift */ = {isa = PBXFileReference; lastKnownFileType = sourcecode.swift; path = LoadingViewController.swift; sourceTree = "<group>"; };
		F0C4903D28D9852E00D957EF /* Toast.swift */ = {isa = PBXFileReference; lastKnownFileType = sourcecode.swift; path = Toast.swift; sourceTree = "<group>"; };
		F0C4904028D9858000D957EF /* NotifyDelegate.swift */ = {isa = PBXFileReference; lastKnownFileType = sourcecode.swift; path = NotifyDelegate.swift; sourceTree = "<group>"; };
		F0C4905428D9AC9A00D957EF /* Weather+CoreDataClass.swift */ = {isa = PBXFileReference; lastKnownFileType = sourcecode.swift; path = "Weather+CoreDataClass.swift"; sourceTree = "<group>"; };
		F0C4905628D9ACCA00D957EF /* Weather+CoreDataProperties.swift */ = {isa = PBXFileReference; lastKnownFileType = sourcecode.swift; path = "Weather+CoreDataProperties.swift"; sourceTree = "<group>"; };
/* End PBXFileReference section */

/* Begin PBXFrameworksBuildPhase section */
		F05AA92728D30B7600B77E4A /* Frameworks */ = {
			isa = PBXFrameworksBuildPhase;
			buildActionMask = 2147483647;
			files = (
				EFB51A9828D4558600A26C9B /* GRPC in Frameworks */,
				EFB16B6228E4015700766A34 /* FirebaseAuth in Frameworks */,
				EF6C8DD228D3F8C0000FB249 /* GoogleAPIClientForREST_Translate in Frameworks */,
				F05AA99C28D3117F00B77E4A /* CoreXLSX in Frameworks */,
				EFB51A9628D4558600A26C9B /* CGRPCZlib in Frameworks */,
				EF6C8DCC28D3F8C0000FB249 /* GoogleAPIClientForRESTCore in Frameworks */,
				EFB51A9A28D4558600A26C9B /* protoc-gen-grpc-swift in Frameworks */,
				EF6C8DD028D3F8C0000FB249 /* GoogleAPIClientForREST_Speech in Frameworks */,
				EF6C8DCE28D3F8C0000FB249 /* GoogleAPIClientForREST_Oauth2 in Frameworks */,
				EFB16B6428E4015700766A34 /* FirebaseFunctions in Frameworks */,
				ABCF6EBC90A8E0E37B9E3D7A /* Pods_ToyProject.framework in Frameworks */,
			);
			runOnlyForDeploymentPostprocessing = 0;
		};
/* End PBXFrameworksBuildPhase section */

/* Begin PBXGroup section */
		5D9F6C44CA90679A95B9C7B3 /* Pods */ = {
			isa = PBXGroup;
			children = (
				B9D851FD8AED024BB375828A /* Pods-ToyProject.debug.xcconfig */,
				2289244BC57957B0E03CA89D /* Pods-ToyProject.release.xcconfig */,
			);
			path = Pods;
			sourceTree = "<group>";
		};
		EF6C8DD328D3F97A000FB249 /* Translator */ = {
			isa = PBXGroup;
			children = (
				EF6CB0EC28DBF2710028B832 /* GoogleService-Info.plist */,
				EF6C8DD928D3FA1E000FB249 /* Utils */,
				EFCF9A6628DC4976004F42F0 /* google_protobuf */,
				EFB16BB728E445D300766A34 /* AudioTitleService */,
				EF6CB0D928DA9E570028B832 /* SpeechController */,
				EFEB1ABC28E1826C00D9CAC3 /* GoogleCloud */,
				EFD5962828D97B47003BAA25 /* Papago */,
				EF6C8DD728D3F9AA000FB249 /* Translator */,
			);
			path = Translator;
			sourceTree = "<group>";
		};
		EF6C8DD728D3F9AA000FB249 /* Translator */ = {
			isa = PBXGroup;
			children = (
				EFD595C028D7EC21003BAA25 /* Model */,
				EFD595BF28D7EC1F003BAA25 /* ViewModel */,
				EFD595BE28D7EC1D003BAA25 /* View */,
			);
			path = Translator;
			sourceTree = "<group>";
		};
		EF6C8DD928D3FA1E000FB249 /* Utils */ = {
			isa = PBXGroup;
			children = (
				EFD5963228D9A58C003BAA25 /* extensions.swift */,
				EF6CB0DE28DAACEA0028B832 /* GlobalFunc.swift */,
				EFB16BBA28E51B0E00766A34 /* LoadingIndicator.swift */,
			);
			path = Utils;
			sourceTree = "<group>";
		};
		EF6CB0D928DA9E570028B832 /* SpeechController */ = {
			isa = PBXGroup;
			children = (
				EFEB1A6528E15C4600D9CAC3 /* PapagoAuidoController */,
				EFEB1A6628E15C5900D9CAC3 /* GoolgleAudioController */,
			);
			path = SpeechController;
			sourceTree = "<group>";
		};
		EFB16BAE28E4136700766A34 /* AudioTest */ = {
			isa = PBXGroup;
			children = (
				EFB16BAF28E4137E00766A34 /* AudioRecordView.swift */,
			);
			path = AudioTest;
			sourceTree = "<group>";
		};
		EFB16BB728E445D300766A34 /* AudioTitleService */ = {
			isa = PBXGroup;
			children = (
				EFB16BB828E445E600766A34 /* AudioTitleService.swift */,
			);
			path = AudioTitleService;
			sourceTree = "<group>";
		};
		EFB16BBC28E51D9900766A34 /* VideoTest */ = {
			isa = PBXGroup;
			children = (
				EFB16BCA28E5387700766A34 /* VideoCollection */,
				EFB16BC728E52A4000766A34 /* Model */,
				EFB16BC028E52A1600766A34 /* ViewModel */,
				EFB16BBF28E52A1300766A34 /* View */,
			);
			path = VideoTest;
			sourceTree = "<group>";
		};
		EFB16BBF28E52A1300766A34 /* View */ = {
			isa = PBXGroup;
			children = (
				EFB16BBD28E51DA400766A34 /* VideoView.swift */,
			);
			path = View;
			sourceTree = "<group>";
		};
		EFB16BC028E52A1600766A34 /* ViewModel */ = {
			isa = PBXGroup;
			children = (
				EFB16BC228E52A2200766A34 /* VideoViewModel.swift */,
				EFB16BDF28E5609300766A34 /* VideoViewModel+.swift */,
			);
			path = ViewModel;
			sourceTree = "<group>";
		};
		EFB16BC728E52A4000766A34 /* Model */ = {
			isa = PBXGroup;
			children = (
				EFB16BC828E52A4800766A34 /* VideoModel.swift */,
			);
			path = Model;
			sourceTree = "<group>";
		};
		EFB16BCA28E5387700766A34 /* VideoCollection */ = {
			isa = PBXGroup;
			children = (
				EFB16BE128E56B2900766A34 /* AlbumManager */,
				EFB16BD528E539B600766A34 /* DataOperations */,
				EFB16BCF28E5389400766A34 /* Model */,
				EFB16BCE28E5389100766A34 /* ViewModel */,
				EFB16BCD28E5388F00766A34 /* View */,
			);
			path = VideoCollection;
			sourceTree = "<group>";
		};
		EFB16BCD28E5388F00766A34 /* View */ = {
			isa = PBXGroup;
			children = (
				EFB16BDA28E5558D00766A34 /* cell */,
				EFB16BCB28E5388800766A34 /* VideoCollectionView.swift */,
				EFB16BDD28E555DC00766A34 /* VideoCollectionView+collectionview.swift */,
			);
			path = View;
			sourceTree = "<group>";
		};
		EFB16BCE28E5389100766A34 /* ViewModel */ = {
			isa = PBXGroup;
			children = (
				EFB16BD128E538A600766A34 /* VideoCollectionViewModel.swift */,
			);
			path = ViewModel;
			sourceTree = "<group>";
		};
		EFB16BCF28E5389400766A34 /* Model */ = {
			isa = PBXGroup;
			children = (
				EFB16BD328E538B200766A34 /* VideoCollectionModel.swift */,
			);
			path = Model;
			sourceTree = "<group>";
		};
		EFB16BD528E539B600766A34 /* DataOperations */ = {
			isa = PBXGroup;
			children = (
			);
			path = DataOperations;
			sourceTree = "<group>";
		};
		EFB16BDA28E5558D00766A34 /* cell */ = {
			isa = PBXGroup;
			children = (
				EFB16BDB28E5559600766A34 /* VideoCell.swift */,
			);
			path = cell;
			sourceTree = "<group>";
		};
		EFB16BE128E56B2900766A34 /* AlbumManager */ = {
			isa = PBXGroup;
			children = (
				EFB16BE228E56B3500766A34 /* AlbumManager.swift */,
			);
			path = AlbumManager;
			sourceTree = "<group>";
		};
		EFCF9A6628DC4976004F42F0 /* google_protobuf */ = {
			isa = PBXGroup;
			children = (
				EFCF9A6728DC4976004F42F0 /* cloud_speech.grpc.swift */,
				EFCF9A6828DC4976004F42F0 /* status.pb.swift */,
				EFCF9A6928DC4976004F42F0 /* cloud_speech.pb.swift */,
				EFCF9A6A28DC4976004F42F0 /* annotations.pb.swift */,
				EFCF9A6B28DC4976004F42F0 /* operations.grpc.swift */,
				EFCF9A6C28DC4976004F42F0 /* http.pb.swift */,
				EFCF9A6D28DC4976004F42F0 /* operations.pb.swift */,
				EFCF9A6E28DC4976004F42F0 /* resource.pb.swift */,
				EFCF9A6F28DC4976004F42F0 /* client.pb.swift */,
				EFEB1A6828E15E9800D9CAC3 /* translation_service.grpc.swift */,
				EFEB1A6728E15E9800D9CAC3 /* translation_service.pb.swift */,
			);
			path = google_protobuf;
			sourceTree = "<group>";
		};
		EFD595BE28D7EC1D003BAA25 /* View */ = {
			isa = PBXGroup;
			children = (
				EFD595C528D7ECBE003BAA25 /* TranslatorView.swift */,
			);
			path = View;
			sourceTree = "<group>";
		};
		EFD595BF28D7EC1F003BAA25 /* ViewModel */ = {
			isa = PBXGroup;
			children = (
				EFD595C728D7ECC6003BAA25 /* TranslatorViewModel.swift */,
				EFD595D928D93A38003BAA25 /* TranslatorViewModel++.swift */,
				EFD5963428D9B71F003BAA25 /* TranslatorViewModel+++.swift */,
				EFEB1A6D28E1633600D9CAC3 /* TranslatorViewModel+voice.swift */,
				EFEB1A6B28E160B700D9CAC3 /* TranslatorViewModel+audiocontroller.swift */,
			);
			path = ViewModel;
			sourceTree = "<group>";
		};
		EFD595C028D7EC21003BAA25 /* Model */ = {
			isa = PBXGroup;
			children = (
				EFD595C928D7ECCB003BAA25 /* TranslatorModel.swift */,
				EFD595CB28D7ED2A003BAA25 /* TranslatorModel+color.swift */,
				EFD595CD28D7FBF3003BAA25 /* TranslatorModel+image.swift */,
			);
			path = Model;
			sourceTree = "<group>";
		};
		EFD5962828D97B47003BAA25 /* Papago */ = {
			isa = PBXGroup;
			children = (
				EFD595DB28D93A65003BAA25 /* Papago.swift */,
				EFD5962B28D97CED003BAA25 /* PapagoModel.swift */,
				EFD5962928D97B56003BAA25 /* PapagoLanguageView.swift */,
				EFD5962D28D97CFE003BAA25 /* cell */,
			);
			path = Papago;
			sourceTree = "<group>";
		};
		EFD5962D28D97CFE003BAA25 /* cell */ = {
			isa = PBXGroup;
			children = (
				EFD5962E28D97D0C003BAA25 /* PapagoCell.swift */,
			);
			path = cell;
			sourceTree = "<group>";
		};
		EFEB1A6528E15C4600D9CAC3 /* PapagoAuidoController */ = {
			isa = PBXGroup;
			children = (
				EF6CB0DA28DA9E690028B832 /* SpeechController.swift */,
			);
			path = PapagoAuidoController;
			sourceTree = "<group>";
		};
		EFEB1A6628E15C5900D9CAC3 /* GoolgleAudioController */ = {
			isa = PBXGroup;
			children = (
				EFEB1AC328E27D1200D9CAC3 /* AudioStreamManager.swift */,
			);
			path = GoolgleAudioController;
			sourceTree = "<group>";
		};
		EFEB1ABC28E1826C00D9CAC3 /* GoogleCloud */ = {
			isa = PBXGroup;
			children = (
				EFEB1ABF28E1963700D9CAC3 /* GoogleCloudModel.swift */,
				EFEB1ABD28E1906A00D9CAC3 /* SpeechRecognizeService.swift */,
			);
			path = GoogleCloud;
			sourceTree = "<group>";
		};
		F05AA92128D30B7600B77E4A = {
			isa = PBXGroup;
			children = (
				F05AA92C28D30B7600B77E4A /* ToyProject */,
				F05AA92B28D30B7600B77E4A /* Products */,
				5D9F6C44CA90679A95B9C7B3 /* Pods */,
				F5F72CA49790E9CBD706064E /* Frameworks */,
			);
			sourceTree = "<group>";
		};
		F05AA92B28D30B7600B77E4A /* Products */ = {
			isa = PBXGroup;
			children = (
				F05AA92A28D30B7600B77E4A /* ToyProject.app */,
			);
			name = Products;
			sourceTree = "<group>";
		};
		F05AA92C28D30B7600B77E4A /* ToyProject */ = {
			isa = PBXGroup;
			children = (
				F05AA99028D3106700B77E4A /* CoreData */,
				F05AA94128D30FC800B77E4A /* Base */,
				F05AA94428D30FFB00B77E4A /* Module */,
				F05AA95D28D3103B00B77E4A /* Scene */,
				F05AA95828D3101B00B77E4A /* Resource */,
				EF6C8DD328D3F97A000FB249 /* Translator */,
				EFB16BAE28E4136700766A34 /* AudioTest */,
				EFB16BBC28E51D9900766A34 /* VideoTest */,
				F05AA93B28D30B7700B77E4A /* Info.plist */,
				F05AA99528D3108300B77E4A /* Model.xcdatamodeld */,
			);
			path = ToyProject;
			sourceTree = "<group>";
		};
		F05AA94128D30FC800B77E4A /* Base */ = {
			isa = PBXGroup;
			children = (
				F0BC0ADA28DC4D3B006C4F26 /* Coordinator */,
				F05AA94328D30FD800B77E4A /* View */,
				F05AA94228D30FCF00B77E4A /* Delegate */,
				F05AA99F28D3120E00B77E4A /* ViewModelProtocol.swift */,
			);
			path = Base;
			sourceTree = "<group>";
		};
		F05AA94228D30FCF00B77E4A /* Delegate */ = {
			isa = PBXGroup;
			children = (
				F05AA92D28D30B7600B77E4A /* AppDelegate.swift */,
				F05AA92F28D30B7600B77E4A /* SceneDelegate.swift */,
			);
			path = Delegate;
			sourceTree = "<group>";
		};
		F05AA94328D30FD800B77E4A /* View */ = {
			isa = PBXGroup;
			children = (
				F05AA93828D30B7700B77E4A /* LaunchScreen.storyboard */,
			);
			path = View;
			sourceTree = "<group>";
		};
		F05AA94428D30FFB00B77E4A /* Module */ = {
			isa = PBXGroup;
			children = (
				F0C4903F28D9856600D957EF /* Notify */,
				F05AA94728D3100900B77E4A /* CoreData */,
				F05AA94928D3100900B77E4A /* HTTP */,
				F05AA94528D3100900B77E4A /* Logger */,
				F05AA94B28D3100900B77E4A /* Utils */,
				F05AA94F28D3100A00B77E4A /* Xlsx */,
			);
			path = Module;
			sourceTree = "<group>";
		};
		F05AA94528D3100900B77E4A /* Logger */ = {
			isa = PBXGroup;
			children = (
				F05AA94628D3100900B77E4A /* Logger.swift */,
			);
			path = Logger;
			sourceTree = "<group>";
		};
		F05AA94728D3100900B77E4A /* CoreData */ = {
			isa = PBXGroup;
			children = (
				F05AA94828D3100900B77E4A /* PersistenceManager.swift */,
			);
			path = CoreData;
			sourceTree = "<group>";
		};
		F05AA94928D3100900B77E4A /* HTTP */ = {
			isa = PBXGroup;
			children = (
				F05AA94A28D3100900B77E4A /* HTTPManager.swift */,
			);
			path = HTTP;
			sourceTree = "<group>";
		};
		F05AA94B28D3100900B77E4A /* Utils */ = {
			isa = PBXGroup;
			children = (
				F05AA94C28D3100900B77E4A /* CALayer+.swift */,
				F05AA94D28D3100900B77E4A /* String+.swift */,
				F05AA94E28D3100900B77E4A /* GlobalFunctions.swift */,
				F069EC8828D4380D00A89083 /* Animation.swift */,
				F0AD04C828DA993E00D0E7FE /* Date+.swift */,
			);
			path = Utils;
			sourceTree = "<group>";
		};
		F05AA94F28D3100A00B77E4A /* Xlsx */ = {
			isa = PBXGroup;
			children = (
				F05AA95028D3100A00B77E4A /* OpenXlsx.swift */,
			);
			path = Xlsx;
			sourceTree = "<group>";
		};
		F05AA95828D3101B00B77E4A /* Resource */ = {
			isa = PBXGroup;
			children = (
				F088949D28E6C87B002430BD /* Strings */,
				F05AA95A28D3102D00B77E4A /* File */,
				F05AA95928D3102300B77E4A /* Assets */,
			);
			path = Resource;
			sourceTree = "<group>";
		};
		F05AA95928D3102300B77E4A /* Assets */ = {
			isa = PBXGroup;
			children = (
				F05AA93628D30B7700B77E4A /* Assets.xcassets */,
			);
			path = Assets;
			sourceTree = "<group>";
		};
		F05AA95A28D3102D00B77E4A /* File */ = {
			isa = PBXGroup;
			children = (
				F05AA95B28D3102D00B77E4A /* meteorological_service.xlsx */,
			);
			path = File;
			sourceTree = "<group>";
		};
		F05AA95D28D3103B00B77E4A /* Scene */ = {
			isa = PBXGroup;
			children = (
				F0BC0AE028DC50CE006C4F26 /* Main */,
				F0AD04CA28DAEA3300D0E7FE /* History */,
				F05AA95E28D3104D00B77E4A /* GoogleMap */,
			);
			path = Scene;
			sourceTree = "<group>";
		};
		F05AA95E28D3104D00B77E4A /* GoogleMap */ = {
			isa = PBXGroup;
			children = (
				F05AA95F28D3104D00B77E4A /* ViewModel */,
				F05AA96828D3104D00B77E4A /* Model */,
				F05AA96B28D3104D00B77E4A /* View */,
				F05AA96228D3104D00B77E4A /* Extension */,
			);
			path = GoogleMap;
			sourceTree = "<group>";
		};
		F05AA95F28D3104D00B77E4A /* ViewModel */ = {
			isa = PBXGroup;
			children = (
				F05AA96128D3104D00B77E4A /* GoogleMapViewModel.swift */,
				F05AA96028D3104D00B77E4A /* GoogleMapViewModel+Data.swift */,
			);
			path = ViewModel;
			sourceTree = "<group>";
		};
		F05AA96228D3104D00B77E4A /* Extension */ = {
			isa = PBXGroup;
			children = (
				F05AA96328D3104D00B77E4A /* GoogleMapView+LocationManager.swift */,
				F05AA96428D3104D00B77E4A /* GoogleMapView+DataFunc.swift */,
				F05AA96528D3104D00B77E4A /* GoogleMapView+MapFunc.swift */,
				F05AA96628D3104D00B77E4A /* GoogleMapView+Bind.swift */,
				F05AA96728D3104D00B77E4A /* GoogleMapView+MapDelegate.swift */,
				F069EC8628D434D300A89083 /* GoogleMapView+Keyboard.swift */,
				F069EC8A28D43AF900A89083 /* GoogleMapView+SearchBar.swift */,
			);
			path = Extension;
			sourceTree = "<group>";
		};
		F05AA96828D3104D00B77E4A /* Model */ = {
			isa = PBXGroup;
			children = (
				F05AA96928D3104D00B77E4A /* MeteorologicalItem.swift */,
				F05AA96A28D3104D00B77E4A /* WeatherInfo.swift */,
			);
			path = Model;
			sourceTree = "<group>";
		};
		F05AA96B28D3104D00B77E4A /* View */ = {
			isa = PBXGroup;
			children = (
				F05AA97428D3104D00B77E4A /* GoogleMapViewController.swift */,
				F05AA96C28D3104D00B77E4A /* GoogleMapView.storyboard */,
				F05AA96D28D3104D00B77E4A /* CustomView */,
			);
			path = View;
			sourceTree = "<group>";
		};
		F05AA96D28D3104D00B77E4A /* CustomView */ = {
			isa = PBXGroup;
			children = (
				F05AA96E28D3104D00B77E4A /* WeatherMarkerView.swift */,
				F05AA96F28D3104D00B77E4A /* WeatherMarkerInfoView.swift */,
				F0C4903928D9535900D957EF /* LoadingView */,
				F05AA97028D3104D00B77E4A /* SearchBarView */,
			);
			path = CustomView;
			sourceTree = "<group>";
		};
		F05AA97028D3104D00B77E4A /* SearchBarView */ = {
			isa = PBXGroup;
			children = (
				F05AA97228D3104D00B77E4A /* SearchBarView.swift */,
				F05AA97128D3104D00B77E4A /* SearchBarView+TextView.swift */,
				F069EC8228D3F12E00A89083 /* SearchBarView+Bind.swift */,
				F05AA97328D3104D00B77E4A /* RegionTableViewController.swift */,
			);
			path = SearchBarView;
			sourceTree = "<group>";
		};
		F05AA99028D3106700B77E4A /* CoreData */ = {
			isa = PBXGroup;
			children = (
				F05AA99228D3107000B77E4A /* LocalCoordinate+CoreDataClass.swift */,
				EF3CD69A28E682590038B4A9 /* LocalCoordinate+CoreDataProperties.swift */,
				F0C4905428D9AC9A00D957EF /* Weather+CoreDataClass.swift */,
				F0C4905628D9ACCA00D957EF /* Weather+CoreDataProperties.swift */,
			);
			path = CoreData;
			sourceTree = "<group>";
		};
		F06EDBA428EBB0B700341247 /* Coordinator */ = {
			isa = PBXGroup;
			children = (
				F06EDBA528EBB0DF00341247 /* protocol */,
				F06EDBA828EBB17400341247 /* DefaultWeatherHistoryCoordinator.swift */,
			);
			path = Coordinator;
			sourceTree = "<group>";
		};
		F06EDBA528EBB0DF00341247 /* protocol */ = {
			isa = PBXGroup;
			children = (
				F06EDBA628EBB10700341247 /* WeatherHistoryCoordinator.swift */,
			);
			path = protocol;
			sourceTree = "<group>";
		};
		F06EDBAA28EBB2E600341247 /* View */ = {
			isa = PBXGroup;
			children = (
				F06EDBAB28EBB30300341247 /* WeatherInfoHistoryViewController.swift */,
				F06EDBAD28EBB6BF00341247 /* Extension */,
			);
			path = View;
			sourceTree = "<group>";
		};
		F06EDBAD28EBB6BF00341247 /* Extension */ = {
			isa = PBXGroup;
			children = (
				F06EDBAE28EBB6E300341247 /* WeatherInfoHistoryView+Bind.swift */,
				F06EDBB428EBB93E00341247 /* WeatherInfoHistoryView+TableView.swift */,
			);
			path = Extension;
			sourceTree = "<group>";
		};
		F06EDBB028EBB78A00341247 /* ViewModel */ = {
			isa = PBXGroup;
			children = (
				F06EDBB128EBB7D200341247 /* WeatherInfoHistoryViewModel.swift */,
			);
			path = ViewModel;
			sourceTree = "<group>";
		};
		F088949D28E6C87B002430BD /* Strings */ = {
			isa = PBXGroup;
			children = (
				F088949B28E6C3E8002430BD /* Localizable.strings */,
			);
			path = Strings;
			sourceTree = "<group>";
		};
		F0AD04CA28DAEA3300D0E7FE /* History */ = {
			isa = PBXGroup;
			children = (
				F0AD04CB28DAEA4500D0E7FE /* Weather */,
			);
			path = History;
			sourceTree = "<group>";
		};
		F0AD04CB28DAEA4500D0E7FE /* Weather */ = {
			isa = PBXGroup;
			children = (
				F06EDBA428EBB0B700341247 /* Coordinator */,
				F0BC0ACC28DBFE64006C4F26 /* LocalView */,
				F0BC0ACD28DBFE7F006C4F26 /* InfoView */,
			);
			path = Weather;
			sourceTree = "<group>";
		};
		F0BC0AC328DBD852006C4F26 /* View */ = {
			isa = PBXGroup;
			children = (
				F0AD04CC28DAEA6000D0E7FE /* WeatherHistoryViewController.swift */,
				F0BC0AC728DBDAF9006C4F26 /* Extension */,
			);
			path = View;
			sourceTree = "<group>";
		};
		F0BC0AC428DBD858006C4F26 /* ViewModel */ = {
			isa = PBXGroup;
			children = (
				F0BC0AC528DBD89B006C4F26 /* WeatherHistoryViewModel.swift */,
			);
			path = ViewModel;
			sourceTree = "<group>";
		};
		F0BC0AC728DBDAF9006C4F26 /* Extension */ = {
			isa = PBXGroup;
			children = (
				F0BC0AC828DBDB0E006C4F26 /* WeatherHistoryViewController+Bind.swift */,
			);
			path = Extension;
			sourceTree = "<group>";
		};
		F0BC0ACC28DBFE64006C4F26 /* LocalView */ = {
			isa = PBXGroup;
			children = (
				F0BC0AC328DBD852006C4F26 /* View */,
				F0BC0AC428DBD858006C4F26 /* ViewModel */,
			);
			path = LocalView;
			sourceTree = "<group>";
		};
		F0BC0ACD28DBFE7F006C4F26 /* InfoView */ = {
			isa = PBXGroup;
			children = (
				F06EDBAA28EBB2E600341247 /* View */,
				F0BC0AD028DBFF31006C4F26 /* HistoryRow.swift */,
				F06EDBB028EBB78A00341247 /* ViewModel */,
				F0AD04CE28DAF1CB00D0E7FE /* HistoryTableViewController.swift */,
			);
			path = InfoView;
			sourceTree = "<group>";
		};
		F0BC0ADA28DC4D3B006C4F26 /* Coordinator */ = {
			isa = PBXGroup;
			children = (
				F0BC0ADB28DC4D42006C4F26 /* protocol */,
				F0BC0ADE28DC4D95006C4F26 /* MainCoordinator.swift */,
			);
			path = Coordinator;
			sourceTree = "<group>";
		};
		F0BC0ADB28DC4D42006C4F26 /* protocol */ = {
			isa = PBXGroup;
			children = (
				F0BC0ADC28DC4D57006C4F26 /* Coordinator.swift */,
				F0A20E4228DD30EC005A61D3 /* CoordinatorFinishDelegate.swift */,
			);
			path = protocol;
			sourceTree = "<group>";
		};
		F0BC0AE028DC50CE006C4F26 /* Main */ = {
			isa = PBXGroup;
			children = (
				F05AA93128D30B7600B77E4A /* ViewController.swift */,
				F0BC0AE128DC524D006C4F26 /* ViewController+Bind.swift */,
			);
			path = Main;
			sourceTree = "<group>";
		};
		F0C4903928D9535900D957EF /* LoadingView */ = {
			isa = PBXGroup;
			children = (
				F0C4903728D94CF600D957EF /* LoadingView.swift */,
				F0C4903A28D9536B00D957EF /* LoadingViewController.swift */,
			);
			path = LoadingView;
			sourceTree = "<group>";
		};
		F0C4903C28D9851E00D957EF /* Toast */ = {
			isa = PBXGroup;
			children = (
				F0C4903D28D9852E00D957EF /* Toast.swift */,
			);
			path = Toast;
			sourceTree = "<group>";
		};
		F0C4903F28D9856600D957EF /* Notify */ = {
			isa = PBXGroup;
			children = (
				F0C4904028D9858000D957EF /* NotifyDelegate.swift */,
				F0C4903C28D9851E00D957EF /* Toast */,
			);
			path = Notify;
			sourceTree = "<group>";
		};
		F5F72CA49790E9CBD706064E /* Frameworks */ = {
			isa = PBXGroup;
			children = (
				3A439308B305145759E12955 /* Pods_ToyProject.framework */,
			);
			name = Frameworks;
			sourceTree = "<group>";
		};
/* End PBXGroup section */

/* Begin PBXNativeTarget section */
		F05AA92928D30B7600B77E4A /* ToyProject */ = {
			isa = PBXNativeTarget;
			buildConfigurationList = F05AA93E28D30B7700B77E4A /* Build configuration list for PBXNativeTarget "ToyProject" */;
			buildPhases = (
				59C8EC3A8849C71EEB564892 /* [CP] Check Pods Manifest.lock */,
				F05AA92628D30B7600B77E4A /* Sources */,
				F05AA92728D30B7600B77E4A /* Frameworks */,
				F05AA92828D30B7600B77E4A /* Resources */,
				3BDBEBF31FCBB7CDA0CBC094 /* [CP] Embed Pods Frameworks */,
				565DC5F82665B7B8B57CF642 /* [CP] Copy Pods Resources */,
			);
			buildRules = (
			);
			dependencies = (
			);
			name = ToyProject;
			packageProductDependencies = (
				F05AA99B28D3117F00B77E4A /* CoreXLSX */,
				EF6C8DCB28D3F8C0000FB249 /* GoogleAPIClientForRESTCore */,
				EF6C8DCD28D3F8C0000FB249 /* GoogleAPIClientForREST_Oauth2 */,
				EF6C8DCF28D3F8C0000FB249 /* GoogleAPIClientForREST_Speech */,
				EF6C8DD128D3F8C0000FB249 /* GoogleAPIClientForREST_Translate */,
				EFB51A9528D4558600A26C9B /* CGRPCZlib */,
				EFB51A9728D4558600A26C9B /* GRPC */,
				EFB51A9928D4558600A26C9B /* protoc-gen-grpc-swift */,
				EFB16B6128E4015700766A34 /* FirebaseAuth */,
				EFB16B6328E4015700766A34 /* FirebaseFunctions */,
			);
			productName = ToyProject;
			productReference = F05AA92A28D30B7600B77E4A /* ToyProject.app */;
			productType = "com.apple.product-type.application";
		};
/* End PBXNativeTarget section */

/* Begin PBXProject section */
		F05AA92228D30B7600B77E4A /* Project object */ = {
			isa = PBXProject;
			attributes = {
				BuildIndependentTargetsInParallel = 1;
				LastSwiftUpdateCheck = 1340;
				LastUpgradeCheck = 1340;
				TargetAttributes = {
					F05AA92928D30B7600B77E4A = {
						CreatedOnToolsVersion = 13.4.1;
					};
				};
			};
			buildConfigurationList = F05AA92528D30B7600B77E4A /* Build configuration list for PBXProject "ToyProject" */;
			compatibilityVersion = "Xcode 13.0";
			developmentRegion = ko;
			hasScannedForEncodings = 0;
			knownRegions = (
				en,
				Base,
				ko,
				"zh-Hans",
			);
			mainGroup = F05AA92128D30B7600B77E4A;
			packageReferences = (
				F05AA99A28D3117F00B77E4A /* XCRemoteSwiftPackageReference "CoreXLSX" */,
				EF6C8DCA28D3F8C0000FB249 /* XCRemoteSwiftPackageReference "google-api-objectivec-client-for-rest" */,
				EFB51A9428D4558600A26C9B /* XCRemoteSwiftPackageReference "grpc-swift" */,
				EFB16B6028E4015700766A34 /* XCRemoteSwiftPackageReference "firebase-ios-sdk" */,
			);
			productRefGroup = F05AA92B28D30B7600B77E4A /* Products */;
			projectDirPath = "";
			projectRoot = "";
			targets = (
				F05AA92928D30B7600B77E4A /* ToyProject */,
			);
		};
/* End PBXProject section */

/* Begin PBXResourcesBuildPhase section */
		F05AA92828D30B7600B77E4A /* Resources */ = {
			isa = PBXResourcesBuildPhase;
			buildActionMask = 2147483647;
			files = (
				F088949928E6C3E8002430BD /* Localizable.strings in Resources */,
				F05AA93A28D30B7700B77E4A /* LaunchScreen.storyboard in Resources */,
				F05AA97E28D3104D00B77E4A /* GoogleMapView.storyboard in Resources */,
				F05AA93728D30B7700B77E4A /* Assets.xcassets in Resources */,
				F05AA95C28D3102D00B77E4A /* meteorological_service.xlsx in Resources */,
				EF6CB0ED28DBF2710028B832 /* GoogleService-Info.plist in Resources */,
			);
			runOnlyForDeploymentPostprocessing = 0;
		};
/* End PBXResourcesBuildPhase section */

/* Begin PBXShellScriptBuildPhase section */
		3BDBEBF31FCBB7CDA0CBC094 /* [CP] Embed Pods Frameworks */ = {
			isa = PBXShellScriptBuildPhase;
			buildActionMask = 2147483647;
			files = (
			);
			inputFileListPaths = (
				"${PODS_ROOT}/Target Support Files/Pods-ToyProject/Pods-ToyProject-frameworks-${CONFIGURATION}-input-files.xcfilelist",
			);
			name = "[CP] Embed Pods Frameworks";
			outputFileListPaths = (
				"${PODS_ROOT}/Target Support Files/Pods-ToyProject/Pods-ToyProject-frameworks-${CONFIGURATION}-output-files.xcfilelist",
			);
			runOnlyForDeploymentPostprocessing = 0;
			shellPath = /bin/sh;
			shellScript = "\"${PODS_ROOT}/Target Support Files/Pods-ToyProject/Pods-ToyProject-frameworks.sh\"\n";
			showEnvVarsInLog = 0;
		};
		565DC5F82665B7B8B57CF642 /* [CP] Copy Pods Resources */ = {
			isa = PBXShellScriptBuildPhase;
			buildActionMask = 2147483647;
			files = (
			);
			inputFileListPaths = (
				"${PODS_ROOT}/Target Support Files/Pods-ToyProject/Pods-ToyProject-resources-${CONFIGURATION}-input-files.xcfilelist",
			);
			name = "[CP] Copy Pods Resources";
			outputFileListPaths = (
				"${PODS_ROOT}/Target Support Files/Pods-ToyProject/Pods-ToyProject-resources-${CONFIGURATION}-output-files.xcfilelist",
			);
			runOnlyForDeploymentPostprocessing = 0;
			shellPath = /bin/sh;
			shellScript = "\"${PODS_ROOT}/Target Support Files/Pods-ToyProject/Pods-ToyProject-resources.sh\"\n";
			showEnvVarsInLog = 0;
		};
		59C8EC3A8849C71EEB564892 /* [CP] Check Pods Manifest.lock */ = {
			isa = PBXShellScriptBuildPhase;
			buildActionMask = 2147483647;
			files = (
			);
			inputFileListPaths = (
			);
			inputPaths = (
				"${PODS_PODFILE_DIR_PATH}/Podfile.lock",
				"${PODS_ROOT}/Manifest.lock",
			);
			name = "[CP] Check Pods Manifest.lock";
			outputFileListPaths = (
			);
			outputPaths = (
				"$(DERIVED_FILE_DIR)/Pods-ToyProject-checkManifestLockResult.txt",
			);
			runOnlyForDeploymentPostprocessing = 0;
			shellPath = /bin/sh;
			shellScript = "diff \"${PODS_PODFILE_DIR_PATH}/Podfile.lock\" \"${PODS_ROOT}/Manifest.lock\" > /dev/null\nif [ $? != 0 ] ; then\n    # print error to STDERR\n    echo \"error: The sandbox is not in sync with the Podfile.lock. Run 'pod install' or update your CocoaPods installation.\" >&2\n    exit 1\nfi\n# This output is used by Xcode 'outputs' to avoid re-running this script phase.\necho \"SUCCESS\" > \"${SCRIPT_OUTPUT_FILE_0}\"\n";
			showEnvVarsInLog = 0;
		};
/* End PBXShellScriptBuildPhase section */

/* Begin PBXSourcesBuildPhase section */
		F05AA92628D30B7600B77E4A /* Sources */ = {
			isa = PBXSourcesBuildPhase;
			buildActionMask = 2147483647;
			files = (
				F06EDBB528EBB93E00341247 /* WeatherInfoHistoryView+TableView.swift in Sources */,
				F0A20E4328DD30EC005A61D3 /* CoordinatorFinishDelegate.swift in Sources */,
				F0AD04C928DA993E00D0E7FE /* Date+.swift in Sources */,
				EFB16BD228E538A600766A34 /* VideoCollectionViewModel.swift in Sources */,
				F06EDBAC28EBB30300341247 /* WeatherInfoHistoryViewController.swift in Sources */,
				F06EDBA728EBB10700341247 /* WeatherHistoryCoordinator.swift in Sources */,
				F05AA95428D3100A00B77E4A /* CALayer+.swift in Sources */,
				F0BC0ADD28DC4D57006C4F26 /* Coordinator.swift in Sources */,
				F0BC0AE228DC524D006C4F26 /* ViewController+Bind.swift in Sources */,
				F06EDBAF28EBB6E300341247 /* WeatherInfoHistoryView+Bind.swift in Sources */,
				F0C4904128D9858000D957EF /* NotifyDelegate.swift in Sources */,
				F0BC0AC928DBDB0E006C4F26 /* WeatherHistoryViewController+Bind.swift in Sources */,
				F05AA97A28D3104D00B77E4A /* GoogleMapView+Bind.swift in Sources */,
				F0BC0AD128DBFF31006C4F26 /* HistoryRow.swift in Sources */,
				EFCF9A7628DC4976004F42F0 /* operations.pb.swift in Sources */,
				EFB16BC928E52A4800766A34 /* VideoModel.swift in Sources */,
				F05AA97C28D3104D00B77E4A /* MeteorologicalItem.swift in Sources */,
				F05AA97928D3104D00B77E4A /* GoogleMapView+MapFunc.swift in Sources */,
				EFD595C628D7ECBE003BAA25 /* TranslatorView.swift in Sources */,
				EFEB1ABE28E1906A00D9CAC3 /* SpeechRecognizeService.swift in Sources */,
				EFD5962F28D97D0C003BAA25 /* PapagoCell.swift in Sources */,
				EF6CB0DF28DAACEA0028B832 /* GlobalFunc.swift in Sources */,
				EFD5963528D9B71F003BAA25 /* TranslatorViewModel+++.swift in Sources */,
				F05AA98028D3104D00B77E4A /* WeatherMarkerInfoView.swift in Sources */,
				F05AA93228D30B7600B77E4A /* ViewController.swift in Sources */,
				F05AA98228D3104D00B77E4A /* SearchBarView.swift in Sources */,
				F05AA97B28D3104D00B77E4A /* GoogleMapView+MapDelegate.swift in Sources */,
				F069EC8B28D43AF900A89083 /* GoogleMapView+SearchBar.swift in Sources */,
				F06EDBB228EBB7D200341247 /* WeatherInfoHistoryViewModel.swift in Sources */,
				F05AA97628D3104D00B77E4A /* GoogleMapViewModel.swift in Sources */,
				F069EC8728D434D300A89083 /* GoogleMapView+Keyboard.swift in Sources */,
				F0C4903E28D9852E00D957EF /* Toast.swift in Sources */,
				EF3CD69B28E682590038B4A9 /* LocalCoordinate+CoreDataProperties.swift in Sources */,
				F0BC0AC628DBD89B006C4F26 /* WeatherHistoryViewModel.swift in Sources */,
				F05AA95528D3100A00B77E4A /* String+.swift in Sources */,
				EFD595C828D7ECC6003BAA25 /* TranslatorViewModel.swift in Sources */,
				EFEB1AC428E27D1200D9CAC3 /* AudioStreamManager.swift in Sources */,
				F05AA99428D3107000B77E4A /* LocalCoordinate+CoreDataClass.swift in Sources */,
				EFCF9A7228DC4976004F42F0 /* cloud_speech.pb.swift in Sources */,
				EFB16BE328E56B3500766A34 /* AlbumManager.swift in Sources */,
				EFB16BB928E445E600766A34 /* AudioTitleService.swift in Sources */,
				EFD595DA28D93A38003BAA25 /* TranslatorViewModel++.swift in Sources */,
				EFD595CE28D7FBF3003BAA25 /* TranslatorModel+image.swift in Sources */,
				EFD5962C28D97CED003BAA25 /* PapagoModel.swift in Sources */,
				F05AA98428D3104D00B77E4A /* GoogleMapViewController.swift in Sources */,
				F05AA95328D3100A00B77E4A /* HTTPManager.swift in Sources */,
				F05AA97528D3104D00B77E4A /* GoogleMapViewModel+Data.swift in Sources */,
				F05AA9A028D3120E00B77E4A /* ViewModelProtocol.swift in Sources */,
				F0BC0ADF28DC4D95006C4F26 /* MainCoordinator.swift in Sources */,
				F05AA95228D3100A00B77E4A /* PersistenceManager.swift in Sources */,
				F069EC8928D4380D00A89083 /* Animation.swift in Sources */,
				EFEB1AC028E1963700D9CAC3 /* GoogleCloudModel.swift in Sources */,
				EFB16BDE28E555DC00766A34 /* VideoCollectionView+collectionview.swift in Sources */,
				EFB16BB028E4137E00766A34 /* AudioRecordView.swift in Sources */,
				EFD595CA28D7ECCB003BAA25 /* TranslatorModel.swift in Sources */,
				EFCF9A7328DC4976004F42F0 /* annotations.pb.swift in Sources */,
				EF6CB0DB28DA9E690028B832 /* SpeechController.swift in Sources */,
				EFB16BBE28E51DA400766A34 /* VideoView.swift in Sources */,
				F05AA97F28D3104D00B77E4A /* WeatherMarkerView.swift in Sources */,
				EFD595DC28D93A65003BAA25 /* Papago.swift in Sources */,
				F05AA92E28D30B7600B77E4A /* AppDelegate.swift in Sources */,
				EFB16BE028E5609300766A34 /* VideoViewModel+.swift in Sources */,
				F05AA99728D3108300B77E4A /* Model.xcdatamodeld in Sources */,
				F0C4903B28D9536B00D957EF /* LoadingViewController.swift in Sources */,
				EFCF9A7128DC4976004F42F0 /* status.pb.swift in Sources */,
				EFD595CC28D7ED2A003BAA25 /* TranslatorModel+color.swift in Sources */,
				F05AA98128D3104D00B77E4A /* SearchBarView+TextView.swift in Sources */,
				EFB16BCC28E5388800766A34 /* VideoCollectionView.swift in Sources */,
				EFCF9A7528DC4976004F42F0 /* http.pb.swift in Sources */,
				EFCF9A7428DC4976004F42F0 /* operations.grpc.swift in Sources */,
				F05AA93028D30B7600B77E4A /* SceneDelegate.swift in Sources */,
				EFB16BD428E538B200766A34 /* VideoCollectionModel.swift in Sources */,
				EFD5962A28D97B56003BAA25 /* PapagoLanguageView.swift in Sources */,
				EFEB1A6928E15E9800D9CAC3 /* translation_service.pb.swift in Sources */,
				EFEB1A6C28E160B700D9CAC3 /* TranslatorViewModel+audiocontroller.swift in Sources */,
				EFEB1A6A28E15E9800D9CAC3 /* translation_service.grpc.swift in Sources */,
				F05AA95128D3100A00B77E4A /* Logger.swift in Sources */,
				F0AD04CD28DAEA6000D0E7FE /* WeatherHistoryViewController.swift in Sources */,
				F0AD04CF28DAF1CB00D0E7FE /* HistoryTableViewController.swift in Sources */,
				EFCF9A7028DC4976004F42F0 /* cloud_speech.grpc.swift in Sources */,
				F05AA95728D3100A00B77E4A /* OpenXlsx.swift in Sources */,
				F05AA97728D3104D00B77E4A /* GoogleMapView+LocationManager.swift in Sources */,
				F05AA97D28D3104D00B77E4A /* WeatherInfo.swift in Sources */,
				F06EDBA928EBB17400341247 /* DefaultWeatherHistoryCoordinator.swift in Sources */,
				F05AA98328D3104D00B77E4A /* RegionTableViewController.swift in Sources */,
				F069EC8328D3F12E00A89083 /* SearchBarView+Bind.swift in Sources */,
				F05AA97828D3104D00B77E4A /* GoogleMapView+DataFunc.swift in Sources */,
				F0C4903828D94CF600D957EF /* LoadingView.swift in Sources */,
				EFEB1A6E28E1633600D9CAC3 /* TranslatorViewModel+voice.swift in Sources */,
				EFB16BBB28E51B0E00766A34 /* LoadingIndicator.swift in Sources */,
				EFCF9A7728DC4976004F42F0 /* resource.pb.swift in Sources */,
				EFB16BC328E52A2200766A34 /* VideoViewModel.swift in Sources */,
				EFB16BDC28E5559600766A34 /* VideoCell.swift in Sources */,
				EFD5963328D9A58C003BAA25 /* extensions.swift in Sources */,
				EFCF9A7828DC4976004F42F0 /* client.pb.swift in Sources */,
				F05AA95628D3100A00B77E4A /* GlobalFunctions.swift in Sources */,
			);
			runOnlyForDeploymentPostprocessing = 0;
		};
/* End PBXSourcesBuildPhase section */

/* Begin PBXVariantGroup section */
		F05AA93828D30B7700B77E4A /* LaunchScreen.storyboard */ = {
			isa = PBXVariantGroup;
			children = (
				F05AA93928D30B7700B77E4A /* Base */,
			);
			name = LaunchScreen.storyboard;
			sourceTree = "<group>";
		};
		F088949B28E6C3E8002430BD /* Localizable.strings */ = {
			isa = PBXVariantGroup;
			children = (
				F088949A28E6C3E8002430BD /* en */,
				F088949C28E6C42D002430BD /* ko */,
				F0BBFC0A28E6F0FC00AA7075 /* zh-Hans */,
			);
			name = Localizable.strings;
			sourceTree = "<group>";
		};
/* End PBXVariantGroup section */

/* Begin XCBuildConfiguration section */
		F05AA93C28D30B7700B77E4A /* Debug */ = {
			isa = XCBuildConfiguration;
			buildSettings = {
				ALWAYS_SEARCH_USER_PATHS = NO;
				CLANG_ANALYZER_LOCALIZABILITY_NONLOCALIZED = YES;
				CLANG_ANALYZER_NONNULL = YES;
				CLANG_ANALYZER_NUMBER_OBJECT_CONVERSION = YES_AGGRESSIVE;
				CLANG_CXX_LANGUAGE_STANDARD = "gnu++17";
				CLANG_ENABLE_MODULES = YES;
				CLANG_ENABLE_OBJC_ARC = YES;
				CLANG_ENABLE_OBJC_WEAK = YES;
				CLANG_WARN_BLOCK_CAPTURE_AUTORELEASING = YES;
				CLANG_WARN_BOOL_CONVERSION = YES;
				CLANG_WARN_COMMA = YES;
				CLANG_WARN_CONSTANT_CONVERSION = YES;
				CLANG_WARN_DEPRECATED_OBJC_IMPLEMENTATIONS = YES;
				CLANG_WARN_DIRECT_OBJC_ISA_USAGE = YES_ERROR;
				CLANG_WARN_DOCUMENTATION_COMMENTS = YES;
				CLANG_WARN_EMPTY_BODY = YES;
				CLANG_WARN_ENUM_CONVERSION = YES;
				CLANG_WARN_INFINITE_RECURSION = YES;
				CLANG_WARN_INT_CONVERSION = YES;
				CLANG_WARN_NON_LITERAL_NULL_CONVERSION = YES;
				CLANG_WARN_OBJC_IMPLICIT_RETAIN_SELF = YES;
				CLANG_WARN_OBJC_LITERAL_CONVERSION = YES;
				CLANG_WARN_OBJC_ROOT_CLASS = YES_ERROR;
				CLANG_WARN_QUOTED_INCLUDE_IN_FRAMEWORK_HEADER = YES;
				CLANG_WARN_RANGE_LOOP_ANALYSIS = YES;
				CLANG_WARN_STRICT_PROTOTYPES = YES;
				CLANG_WARN_SUSPICIOUS_MOVE = YES;
				CLANG_WARN_UNGUARDED_AVAILABILITY = YES_AGGRESSIVE;
				CLANG_WARN_UNREACHABLE_CODE = YES;
				CLANG_WARN__DUPLICATE_METHOD_MATCH = YES;
				COPY_PHASE_STRIP = NO;
				DEBUG_INFORMATION_FORMAT = dwarf;
				ENABLE_STRICT_OBJC_MSGSEND = YES;
				ENABLE_TESTABILITY = YES;
				GCC_C_LANGUAGE_STANDARD = gnu11;
				GCC_DYNAMIC_NO_PIC = NO;
				GCC_NO_COMMON_BLOCKS = YES;
				GCC_OPTIMIZATION_LEVEL = 0;
				GCC_PREPROCESSOR_DEFINITIONS = (
					"DEBUG=1",
					"$(inherited)",
				);
				GCC_WARN_64_TO_32_BIT_CONVERSION = YES;
				GCC_WARN_ABOUT_RETURN_TYPE = YES_ERROR;
				GCC_WARN_UNDECLARED_SELECTOR = YES;
				GCC_WARN_UNINITIALIZED_AUTOS = YES_AGGRESSIVE;
				GCC_WARN_UNUSED_FUNCTION = YES;
				GCC_WARN_UNUSED_VARIABLE = YES;
				IPHONEOS_DEPLOYMENT_TARGET = 15.5;
				MTL_ENABLE_DEBUG_INFO = INCLUDE_SOURCE;
				MTL_FAST_MATH = YES;
				ONLY_ACTIVE_ARCH = YES;
				SDKROOT = iphoneos;
				SWIFT_ACTIVE_COMPILATION_CONDITIONS = DEBUG;
				SWIFT_OPTIMIZATION_LEVEL = "-Onone";
			};
			name = Debug;
		};
		F05AA93D28D30B7700B77E4A /* Release */ = {
			isa = XCBuildConfiguration;
			buildSettings = {
				ALWAYS_SEARCH_USER_PATHS = NO;
				CLANG_ANALYZER_LOCALIZABILITY_NONLOCALIZED = YES;
				CLANG_ANALYZER_NONNULL = YES;
				CLANG_ANALYZER_NUMBER_OBJECT_CONVERSION = YES_AGGRESSIVE;
				CLANG_CXX_LANGUAGE_STANDARD = "gnu++17";
				CLANG_ENABLE_MODULES = YES;
				CLANG_ENABLE_OBJC_ARC = YES;
				CLANG_ENABLE_OBJC_WEAK = YES;
				CLANG_WARN_BLOCK_CAPTURE_AUTORELEASING = YES;
				CLANG_WARN_BOOL_CONVERSION = YES;
				CLANG_WARN_COMMA = YES;
				CLANG_WARN_CONSTANT_CONVERSION = YES;
				CLANG_WARN_DEPRECATED_OBJC_IMPLEMENTATIONS = YES;
				CLANG_WARN_DIRECT_OBJC_ISA_USAGE = YES_ERROR;
				CLANG_WARN_DOCUMENTATION_COMMENTS = YES;
				CLANG_WARN_EMPTY_BODY = YES;
				CLANG_WARN_ENUM_CONVERSION = YES;
				CLANG_WARN_INFINITE_RECURSION = YES;
				CLANG_WARN_INT_CONVERSION = YES;
				CLANG_WARN_NON_LITERAL_NULL_CONVERSION = YES;
				CLANG_WARN_OBJC_IMPLICIT_RETAIN_SELF = YES;
				CLANG_WARN_OBJC_LITERAL_CONVERSION = YES;
				CLANG_WARN_OBJC_ROOT_CLASS = YES_ERROR;
				CLANG_WARN_QUOTED_INCLUDE_IN_FRAMEWORK_HEADER = YES;
				CLANG_WARN_RANGE_LOOP_ANALYSIS = YES;
				CLANG_WARN_STRICT_PROTOTYPES = YES;
				CLANG_WARN_SUSPICIOUS_MOVE = YES;
				CLANG_WARN_UNGUARDED_AVAILABILITY = YES_AGGRESSIVE;
				CLANG_WARN_UNREACHABLE_CODE = YES;
				CLANG_WARN__DUPLICATE_METHOD_MATCH = YES;
				COPY_PHASE_STRIP = NO;
				DEBUG_INFORMATION_FORMAT = "dwarf-with-dsym";
				ENABLE_NS_ASSERTIONS = NO;
				ENABLE_STRICT_OBJC_MSGSEND = YES;
				GCC_C_LANGUAGE_STANDARD = gnu11;
				GCC_NO_COMMON_BLOCKS = YES;
				GCC_WARN_64_TO_32_BIT_CONVERSION = YES;
				GCC_WARN_ABOUT_RETURN_TYPE = YES_ERROR;
				GCC_WARN_UNDECLARED_SELECTOR = YES;
				GCC_WARN_UNINITIALIZED_AUTOS = YES_AGGRESSIVE;
				GCC_WARN_UNUSED_FUNCTION = YES;
				GCC_WARN_UNUSED_VARIABLE = YES;
				IPHONEOS_DEPLOYMENT_TARGET = 15.5;
				MTL_ENABLE_DEBUG_INFO = NO;
				MTL_FAST_MATH = YES;
				SDKROOT = iphoneos;
				SWIFT_COMPILATION_MODE = wholemodule;
				SWIFT_OPTIMIZATION_LEVEL = "-O";
				VALIDATE_PRODUCT = YES;
			};
			name = Release;
		};
		F05AA93F28D30B7700B77E4A /* Debug */ = {
			isa = XCBuildConfiguration;
			baseConfigurationReference = B9D851FD8AED024BB375828A /* Pods-ToyProject.debug.xcconfig */;
			buildSettings = {
				ASSETCATALOG_COMPILER_APPICON_NAME = AppIcon;
				ASSETCATALOG_COMPILER_GLOBAL_ACCENT_COLOR_NAME = AccentColor;
				CODE_SIGN_STYLE = Automatic;
				CURRENT_PROJECT_VERSION = 1;
				DEVELOPMENT_TEAM = GP9D94CZ57;
				GENERATE_INFOPLIST_FILE = YES;
				INFOPLIST_FILE = ToyProject/Info.plist;
				INFOPLIST_KEY_NSMicrophoneUsageDescription = "마이크를 사용할게요!";
				INFOPLIST_KEY_NSSpeechRecognitionUsageDescription = "음성인식을 사용할게요!";
				INFOPLIST_KEY_UIApplicationSupportsIndirectInputEvents = YES;
				INFOPLIST_KEY_UILaunchStoryboardName = LaunchScreen;
				INFOPLIST_KEY_UISupportedInterfaceOrientations_iPad = "UIInterfaceOrientationPortrait UIInterfaceOrientationPortraitUpsideDown UIInterfaceOrientationLandscapeLeft UIInterfaceOrientationLandscapeRight";
				INFOPLIST_KEY_UISupportedInterfaceOrientations_iPhone = "UIInterfaceOrientationPortrait UIInterfaceOrientationLandscapeLeft UIInterfaceOrientationLandscapeRight";
				LD_RUNPATH_SEARCH_PATHS = (
					"$(inherited)",
					"@executable_path/Frameworks",
				);
				MARKETING_VERSION = 1.0;
				PRODUCT_BUNDLE_IDENTIFIER = test.test.ToyProject;
				PRODUCT_NAME = "$(TARGET_NAME)";
				SWIFT_EMIT_LOC_STRINGS = YES;
				SWIFT_VERSION = 5.0;
				TARGETED_DEVICE_FAMILY = "1,2";
			};
			name = Debug;
		};
		F05AA94028D30B7700B77E4A /* Release */ = {
			isa = XCBuildConfiguration;
			baseConfigurationReference = 2289244BC57957B0E03CA89D /* Pods-ToyProject.release.xcconfig */;
			buildSettings = {
				ASSETCATALOG_COMPILER_APPICON_NAME = AppIcon;
				ASSETCATALOG_COMPILER_GLOBAL_ACCENT_COLOR_NAME = AccentColor;
				CODE_SIGN_STYLE = Automatic;
				CURRENT_PROJECT_VERSION = 1;
				DEVELOPMENT_TEAM = GP9D94CZ57;
				GENERATE_INFOPLIST_FILE = YES;
				INFOPLIST_FILE = ToyProject/Info.plist;
				INFOPLIST_KEY_NSMicrophoneUsageDescription = "마이크를 사용할게요!";
				INFOPLIST_KEY_NSSpeechRecognitionUsageDescription = "음성인식을 사용할게요!";
				INFOPLIST_KEY_UIApplicationSupportsIndirectInputEvents = YES;
				INFOPLIST_KEY_UILaunchStoryboardName = LaunchScreen;
				INFOPLIST_KEY_UISupportedInterfaceOrientations_iPad = "UIInterfaceOrientationPortrait UIInterfaceOrientationPortraitUpsideDown UIInterfaceOrientationLandscapeLeft UIInterfaceOrientationLandscapeRight";
				INFOPLIST_KEY_UISupportedInterfaceOrientations_iPhone = "UIInterfaceOrientationPortrait UIInterfaceOrientationLandscapeLeft UIInterfaceOrientationLandscapeRight";
				LD_RUNPATH_SEARCH_PATHS = (
					"$(inherited)",
					"@executable_path/Frameworks",
				);
				MARKETING_VERSION = 1.0;
				PRODUCT_BUNDLE_IDENTIFIER = test.test.ToyProject;
				PRODUCT_NAME = "$(TARGET_NAME)";
				SWIFT_EMIT_LOC_STRINGS = YES;
				SWIFT_VERSION = 5.0;
				TARGETED_DEVICE_FAMILY = "1,2";
			};
			name = Release;
		};
/* End XCBuildConfiguration section */

/* Begin XCConfigurationList section */
		F05AA92528D30B7600B77E4A /* Build configuration list for PBXProject "ToyProject" */ = {
			isa = XCConfigurationList;
			buildConfigurations = (
				F05AA93C28D30B7700B77E4A /* Debug */,
				F05AA93D28D30B7700B77E4A /* Release */,
			);
			defaultConfigurationIsVisible = 0;
			defaultConfigurationName = Release;
		};
		F05AA93E28D30B7700B77E4A /* Build configuration list for PBXNativeTarget "ToyProject" */ = {
			isa = XCConfigurationList;
			buildConfigurations = (
				F05AA93F28D30B7700B77E4A /* Debug */,
				F05AA94028D30B7700B77E4A /* Release */,
			);
			defaultConfigurationIsVisible = 0;
			defaultConfigurationName = Release;
		};
/* End XCConfigurationList section */

/* Begin XCRemoteSwiftPackageReference section */
		EF6C8DCA28D3F8C0000FB249 /* XCRemoteSwiftPackageReference "google-api-objectivec-client-for-rest" */ = {
			isa = XCRemoteSwiftPackageReference;
			repositoryURL = "https://github.com/google/google-api-objectivec-client-for-rest.git";
			requirement = {
				kind = upToNextMajorVersion;
				minimumVersion = 2.0.1;
			};
		};
		EFB16B6028E4015700766A34 /* XCRemoteSwiftPackageReference "firebase-ios-sdk" */ = {
			isa = XCRemoteSwiftPackageReference;
			repositoryURL = "https://github.com/firebase/firebase-ios-sdk";
			requirement = {
				kind = upToNextMajorVersion;
				minimumVersion = 9.6.0;
			};
		};
		EFB51A9428D4558600A26C9B /* XCRemoteSwiftPackageReference "grpc-swift" */ = {
			isa = XCRemoteSwiftPackageReference;
			repositoryURL = "https://github.com/grpc/grpc-swift.git";
			requirement = {
				kind = upToNextMajorVersion;
				minimumVersion = 1.9.0;
			};
		};
		F05AA99A28D3117F00B77E4A /* XCRemoteSwiftPackageReference "CoreXLSX" */ = {
			isa = XCRemoteSwiftPackageReference;
			repositoryURL = "https://github.com/CoreOffice/CoreXLSX.git";
			requirement = {
				kind = upToNextMajorVersion;
				minimumVersion = 0.9.1;
			};
		};
/* End XCRemoteSwiftPackageReference section */

/* Begin XCSwiftPackageProductDependency section */
		EF6C8DCB28D3F8C0000FB249 /* GoogleAPIClientForRESTCore */ = {
			isa = XCSwiftPackageProductDependency;
			package = EF6C8DCA28D3F8C0000FB249 /* XCRemoteSwiftPackageReference "google-api-objectivec-client-for-rest" */;
			productName = GoogleAPIClientForRESTCore;
		};
		EF6C8DCD28D3F8C0000FB249 /* GoogleAPIClientForREST_Oauth2 */ = {
			isa = XCSwiftPackageProductDependency;
			package = EF6C8DCA28D3F8C0000FB249 /* XCRemoteSwiftPackageReference "google-api-objectivec-client-for-rest" */;
			productName = GoogleAPIClientForREST_Oauth2;
		};
		EF6C8DCF28D3F8C0000FB249 /* GoogleAPIClientForREST_Speech */ = {
			isa = XCSwiftPackageProductDependency;
			package = EF6C8DCA28D3F8C0000FB249 /* XCRemoteSwiftPackageReference "google-api-objectivec-client-for-rest" */;
			productName = GoogleAPIClientForREST_Speech;
		};
		EF6C8DD128D3F8C0000FB249 /* GoogleAPIClientForREST_Translate */ = {
			isa = XCSwiftPackageProductDependency;
			package = EF6C8DCA28D3F8C0000FB249 /* XCRemoteSwiftPackageReference "google-api-objectivec-client-for-rest" */;
			productName = GoogleAPIClientForREST_Translate;
		};
		EFB16B6128E4015700766A34 /* FirebaseAuth */ = {
			isa = XCSwiftPackageProductDependency;
			package = EFB16B6028E4015700766A34 /* XCRemoteSwiftPackageReference "firebase-ios-sdk" */;
			productName = FirebaseAuth;
		};
		EFB16B6328E4015700766A34 /* FirebaseFunctions */ = {
			isa = XCSwiftPackageProductDependency;
			package = EFB16B6028E4015700766A34 /* XCRemoteSwiftPackageReference "firebase-ios-sdk" */;
			productName = FirebaseFunctions;
		};
		EFB51A9528D4558600A26C9B /* CGRPCZlib */ = {
			isa = XCSwiftPackageProductDependency;
			package = EFB51A9428D4558600A26C9B /* XCRemoteSwiftPackageReference "grpc-swift" */;
			productName = CGRPCZlib;
		};
		EFB51A9728D4558600A26C9B /* GRPC */ = {
			isa = XCSwiftPackageProductDependency;
			package = EFB51A9428D4558600A26C9B /* XCRemoteSwiftPackageReference "grpc-swift" */;
			productName = GRPC;
		};
		EFB51A9928D4558600A26C9B /* protoc-gen-grpc-swift */ = {
			isa = XCSwiftPackageProductDependency;
			package = EFB51A9428D4558600A26C9B /* XCRemoteSwiftPackageReference "grpc-swift" */;
			productName = "protoc-gen-grpc-swift";
		};
		F05AA99B28D3117F00B77E4A /* CoreXLSX */ = {
			isa = XCSwiftPackageProductDependency;
			package = F05AA99A28D3117F00B77E4A /* XCRemoteSwiftPackageReference "CoreXLSX" */;
			productName = CoreXLSX;
		};
/* End XCSwiftPackageProductDependency section */

/* Begin XCVersionGroup section */
		F05AA99528D3108300B77E4A /* Model.xcdatamodeld */ = {
			isa = XCVersionGroup;
			children = (
				F05AA99628D3108300B77E4A /* WeatherModel.xcdatamodel */,
			);
			currentVersion = F05AA99628D3108300B77E4A /* WeatherModel.xcdatamodel */;
			path = Model.xcdatamodeld;
			sourceTree = "<group>";
			versionGroupType = wrapper.xcdatamodel;
		};
/* End XCVersionGroup section */
	};
	rootObject = F05AA92228D30B7600B77E4A /* Project object */;
}
