// !$*UTF8*$!
{
	archiveVersion = 1;
	classes = {
	};
	objectVersion = 55;
	objects = {

/* Begin PBXBuildFile section */
		ABCF6EBC90A8E0E37B9E3D7A /* Pods_ToyProject.framework in Frameworks */ = {isa = PBXBuildFile; fileRef = 3A439308B305145759E12955 /* Pods_ToyProject.framework */; };
		EF6C8DCC28D3F8C0000FB249 /* GoogleAPIClientForRESTCore in Frameworks */ = {isa = PBXBuildFile; productRef = EF6C8DCB28D3F8C0000FB249 /* GoogleAPIClientForRESTCore */; };
		EF6C8DCE28D3F8C0000FB249 /* GoogleAPIClientForREST_Oauth2 in Frameworks */ = {isa = PBXBuildFile; productRef = EF6C8DCD28D3F8C0000FB249 /* GoogleAPIClientForREST_Oauth2 */; };
		EF6C8DD028D3F8C0000FB249 /* GoogleAPIClientForREST_Speech in Frameworks */ = {isa = PBXBuildFile; productRef = EF6C8DCF28D3F8C0000FB249 /* GoogleAPIClientForREST_Speech */; };
		EF6C8DD228D3F8C0000FB249 /* GoogleAPIClientForREST_Translate in Frameworks */ = {isa = PBXBuildFile; productRef = EF6C8DD128D3F8C0000FB249 /* GoogleAPIClientForREST_Translate */; };
		EF6C8DDB28D3FA25000FB249 /* AudioController.swift in Sources */ = {isa = PBXBuildFile; fileRef = EF6C8DDA28D3FA25000FB249 /* AudioController.swift */; };
		F05AA92E28D30B7600B77E4A /* AppDelegate.swift in Sources */ = {isa = PBXBuildFile; fileRef = F05AA92D28D30B7600B77E4A /* AppDelegate.swift */; };
		F05AA93028D30B7600B77E4A /* SceneDelegate.swift in Sources */ = {isa = PBXBuildFile; fileRef = F05AA92F28D30B7600B77E4A /* SceneDelegate.swift */; };
		F05AA93228D30B7600B77E4A /* ViewController.swift in Sources */ = {isa = PBXBuildFile; fileRef = F05AA93128D30B7600B77E4A /* ViewController.swift */; };
		F05AA93728D30B7700B77E4A /* Assets.xcassets in Resources */ = {isa = PBXBuildFile; fileRef = F05AA93628D30B7700B77E4A /* Assets.xcassets */; };
		F05AA93A28D30B7700B77E4A /* LaunchScreen.storyboard in Resources */ = {isa = PBXBuildFile; fileRef = F05AA93828D30B7700B77E4A /* LaunchScreen.storyboard */; };
		F05AA95128D3100A00B77E4A /* Logger.swift in Sources */ = {isa = PBXBuildFile; fileRef = F05AA94628D3100900B77E4A /* Logger.swift */; };
		F05AA95228D3100A00B77E4A /* PersistenceManager.swift in Sources */ = {isa = PBXBuildFile; fileRef = F05AA94828D3100900B77E4A /* PersistenceManager.swift */; };
		F05AA95328D3100A00B77E4A /* HTTPManager.swift in Sources */ = {isa = PBXBuildFile; fileRef = F05AA94A28D3100900B77E4A /* HTTPManager.swift */; };
		F05AA95428D3100A00B77E4A /* CALayer+.swift in Sources */ = {isa = PBXBuildFile; fileRef = F05AA94C28D3100900B77E4A /* CALayer+.swift */; };
		F05AA95528D3100A00B77E4A /* String+.swift in Sources */ = {isa = PBXBuildFile; fileRef = F05AA94D28D3100900B77E4A /* String+.swift */; };
		F05AA95628D3100A00B77E4A /* GlobalFunctions.swift in Sources */ = {isa = PBXBuildFile; fileRef = F05AA94E28D3100900B77E4A /* GlobalFunctions.swift */; };
		F05AA95728D3100A00B77E4A /* OpenXlsx.swift in Sources */ = {isa = PBXBuildFile; fileRef = F05AA95028D3100A00B77E4A /* OpenXlsx.swift */; };
		F05AA95C28D3102D00B77E4A /* meteorological_service.xlsx in Resources */ = {isa = PBXBuildFile; fileRef = F05AA95B28D3102D00B77E4A /* meteorological_service.xlsx */; };
		F05AA97528D3104D00B77E4A /* GoogleMapViewModel+Data.swift in Sources */ = {isa = PBXBuildFile; fileRef = F05AA96028D3104D00B77E4A /* GoogleMapViewModel+Data.swift */; };
		F05AA97628D3104D00B77E4A /* GoogleMapViewModel.swift in Sources */ = {isa = PBXBuildFile; fileRef = F05AA96128D3104D00B77E4A /* GoogleMapViewModel.swift */; };
		F05AA97728D3104D00B77E4A /* GoogleMapView+LocationManager.swift in Sources */ = {isa = PBXBuildFile; fileRef = F05AA96328D3104D00B77E4A /* GoogleMapView+LocationManager.swift */; };
		F05AA97828D3104D00B77E4A /* GoogleMapView+DataFunc.swift in Sources */ = {isa = PBXBuildFile; fileRef = F05AA96428D3104D00B77E4A /* GoogleMapView+DataFunc.swift */; };
		F05AA97928D3104D00B77E4A /* GoogleMapView+MapFunc.swift in Sources */ = {isa = PBXBuildFile; fileRef = F05AA96528D3104D00B77E4A /* GoogleMapView+MapFunc.swift */; };
		F05AA97A28D3104D00B77E4A /* GoogleMapView+Bind.swift in Sources */ = {isa = PBXBuildFile; fileRef = F05AA96628D3104D00B77E4A /* GoogleMapView+Bind.swift */; };
		F05AA97B28D3104D00B77E4A /* GoogleMapView+MapDelegate.swift in Sources */ = {isa = PBXBuildFile; fileRef = F05AA96728D3104D00B77E4A /* GoogleMapView+MapDelegate.swift */; };
		F05AA97C28D3104D00B77E4A /* MeteorologicalItem.swift in Sources */ = {isa = PBXBuildFile; fileRef = F05AA96928D3104D00B77E4A /* MeteorologicalItem.swift */; };
		F05AA97D28D3104D00B77E4A /* WeatherInfo.swift in Sources */ = {isa = PBXBuildFile; fileRef = F05AA96A28D3104D00B77E4A /* WeatherInfo.swift */; };
		F05AA97E28D3104D00B77E4A /* GoogleMapView.storyboard in Resources */ = {isa = PBXBuildFile; fileRef = F05AA96C28D3104D00B77E4A /* GoogleMapView.storyboard */; };
		F05AA97F28D3104D00B77E4A /* WeatherMarkerView.swift in Sources */ = {isa = PBXBuildFile; fileRef = F05AA96E28D3104D00B77E4A /* WeatherMarkerView.swift */; };
		F05AA98028D3104D00B77E4A /* WeatherMarkerInfoView.swift in Sources */ = {isa = PBXBuildFile; fileRef = F05AA96F28D3104D00B77E4A /* WeatherMarkerInfoView.swift */; };
		F05AA98128D3104D00B77E4A /* SearchBarView+TextView.swift in Sources */ = {isa = PBXBuildFile; fileRef = F05AA97128D3104D00B77E4A /* SearchBarView+TextView.swift */; };
		F05AA98228D3104D00B77E4A /* SearchBarView.swift in Sources */ = {isa = PBXBuildFile; fileRef = F05AA97228D3104D00B77E4A /* SearchBarView.swift */; };
		F05AA98328D3104D00B77E4A /* RegionTableViewController.swift in Sources */ = {isa = PBXBuildFile; fileRef = F05AA97328D3104D00B77E4A /* RegionTableViewController.swift */; };
		F05AA98428D3104D00B77E4A /* GoogleMapViewController.swift in Sources */ = {isa = PBXBuildFile; fileRef = F05AA97428D3104D00B77E4A /* GoogleMapViewController.swift */; };
		F05AA99428D3107000B77E4A /* LocalCoordinate+CoreDataClass.swift in Sources */ = {isa = PBXBuildFile; fileRef = F05AA99228D3107000B77E4A /* LocalCoordinate+CoreDataClass.swift */; };
		F05AA99728D3108300B77E4A /* Model.xcdatamodeld in Sources */ = {isa = PBXBuildFile; fileRef = F05AA99528D3108300B77E4A /* Model.xcdatamodeld */; };
		F05AA99928D310D900B77E4A /* Main.storyboard in Resources */ = {isa = PBXBuildFile; fileRef = F05AA99828D310D900B77E4A /* Main.storyboard */; };
		F05AA99C28D3117F00B77E4A /* CoreXLSX in Frameworks */ = {isa = PBXBuildFile; productRef = F05AA99B28D3117F00B77E4A /* CoreXLSX */; };
		F05AA9A028D3120E00B77E4A /* ViewModelProtocol.swift in Sources */ = {isa = PBXBuildFile; fileRef = F05AA99F28D3120E00B77E4A /* ViewModelProtocol.swift */; };
		F069EC8328D3F12E00A89083 /* SearchBarView+Bind.swift in Sources */ = {isa = PBXBuildFile; fileRef = F069EC8228D3F12E00A89083 /* SearchBarView+Bind.swift */; };
		F069EC8728D434D300A89083 /* GoogleMapView+Keyboard.swift in Sources */ = {isa = PBXBuildFile; fileRef = F069EC8628D434D300A89083 /* GoogleMapView+Keyboard.swift */; };
		F069EC8928D4380D00A89083 /* Animation.swift in Sources */ = {isa = PBXBuildFile; fileRef = F069EC8828D4380D00A89083 /* Animation.swift */; };
		F069EC8B28D43AF900A89083 /* GoogleMapView+SearchBar.swift in Sources */ = {isa = PBXBuildFile; fileRef = F069EC8A28D43AF900A89083 /* GoogleMapView+SearchBar.swift */; };
		F0AD04C928DA993E00D0E7FE /* Date+.swift in Sources */ = {isa = PBXBuildFile; fileRef = F0AD04C828DA993E00D0E7FE /* Date+.swift */; };
		F0C4903828D94CF600D957EF /* LoadingView.swift in Sources */ = {isa = PBXBuildFile; fileRef = F0C4903728D94CF600D957EF /* LoadingView.swift */; };
		F0C4903B28D9536B00D957EF /* LoadingViewController.swift in Sources */ = {isa = PBXBuildFile; fileRef = F0C4903A28D9536B00D957EF /* LoadingViewController.swift */; };
		F0C4903E28D9852E00D957EF /* Toast.swift in Sources */ = {isa = PBXBuildFile; fileRef = F0C4903D28D9852E00D957EF /* Toast.swift */; };
		F0C4904128D9858000D957EF /* NotifyDelegate.swift in Sources */ = {isa = PBXBuildFile; fileRef = F0C4904028D9858000D957EF /* NotifyDelegate.swift */; };
		F0C4905328D9AC1700D957EF /* LocalCoordinate+CoreDataProperties.swift in Sources */ = {isa = PBXBuildFile; fileRef = F0C4904E28D9AC1700D957EF /* LocalCoordinate+CoreDataProperties.swift */; };
/* End PBXBuildFile section */

/* Begin PBXFileReference section */
		2289244BC57957B0E03CA89D /* Pods-ToyProject.release.xcconfig */ = {isa = PBXFileReference; includeInIndex = 1; lastKnownFileType = text.xcconfig; name = "Pods-ToyProject.release.xcconfig"; path = "Target Support Files/Pods-ToyProject/Pods-ToyProject.release.xcconfig"; sourceTree = "<group>"; };
		3A439308B305145759E12955 /* Pods_ToyProject.framework */ = {isa = PBXFileReference; explicitFileType = wrapper.framework; includeInIndex = 0; path = Pods_ToyProject.framework; sourceTree = BUILT_PRODUCTS_DIR; };
		B9D851FD8AED024BB375828A /* Pods-ToyProject.debug.xcconfig */ = {isa = PBXFileReference; includeInIndex = 1; lastKnownFileType = text.xcconfig; name = "Pods-ToyProject.debug.xcconfig"; path = "Target Support Files/Pods-ToyProject/Pods-ToyProject.debug.xcconfig"; sourceTree = "<group>"; };
		EF6C8DDA28D3FA25000FB249 /* AudioController.swift */ = {isa = PBXFileReference; lastKnownFileType = sourcecode.swift; path = AudioController.swift; sourceTree = "<group>"; };
		F05AA92A28D30B7600B77E4A /* ToyProject.app */ = {isa = PBXFileReference; explicitFileType = wrapper.application; includeInIndex = 0; path = ToyProject.app; sourceTree = BUILT_PRODUCTS_DIR; };
		F05AA92D28D30B7600B77E4A /* AppDelegate.swift */ = {isa = PBXFileReference; lastKnownFileType = sourcecode.swift; path = AppDelegate.swift; sourceTree = "<group>"; };
		F05AA92F28D30B7600B77E4A /* SceneDelegate.swift */ = {isa = PBXFileReference; lastKnownFileType = sourcecode.swift; path = SceneDelegate.swift; sourceTree = "<group>"; };
		F05AA93128D30B7600B77E4A /* ViewController.swift */ = {isa = PBXFileReference; lastKnownFileType = sourcecode.swift; path = ViewController.swift; sourceTree = "<group>"; };
		F05AA93628D30B7700B77E4A /* Assets.xcassets */ = {isa = PBXFileReference; lastKnownFileType = folder.assetcatalog; path = Assets.xcassets; sourceTree = "<group>"; };
		F05AA93928D30B7700B77E4A /* Base */ = {isa = PBXFileReference; lastKnownFileType = file.storyboard; name = Base; path = Base.lproj/LaunchScreen.storyboard; sourceTree = "<group>"; };
		F05AA93B28D30B7700B77E4A /* Info.plist */ = {isa = PBXFileReference; lastKnownFileType = text.plist.xml; path = Info.plist; sourceTree = "<group>"; };
		F05AA94628D3100900B77E4A /* Logger.swift */ = {isa = PBXFileReference; fileEncoding = 4; lastKnownFileType = sourcecode.swift; path = Logger.swift; sourceTree = "<group>"; };
		F05AA94828D3100900B77E4A /* PersistenceManager.swift */ = {isa = PBXFileReference; fileEncoding = 4; lastKnownFileType = sourcecode.swift; path = PersistenceManager.swift; sourceTree = "<group>"; };
		F05AA94A28D3100900B77E4A /* HTTPManager.swift */ = {isa = PBXFileReference; fileEncoding = 4; lastKnownFileType = sourcecode.swift; path = HTTPManager.swift; sourceTree = "<group>"; };
		F05AA94C28D3100900B77E4A /* CALayer+.swift */ = {isa = PBXFileReference; fileEncoding = 4; lastKnownFileType = sourcecode.swift; path = "CALayer+.swift"; sourceTree = "<group>"; };
		F05AA94D28D3100900B77E4A /* String+.swift */ = {isa = PBXFileReference; fileEncoding = 4; lastKnownFileType = sourcecode.swift; path = "String+.swift"; sourceTree = "<group>"; };
		F05AA94E28D3100900B77E4A /* GlobalFunctions.swift */ = {isa = PBXFileReference; fileEncoding = 4; lastKnownFileType = sourcecode.swift; path = GlobalFunctions.swift; sourceTree = "<group>"; };
		F05AA95028D3100A00B77E4A /* OpenXlsx.swift */ = {isa = PBXFileReference; fileEncoding = 4; lastKnownFileType = sourcecode.swift; path = OpenXlsx.swift; sourceTree = "<group>"; };
		F05AA95B28D3102D00B77E4A /* meteorological_service.xlsx */ = {isa = PBXFileReference; lastKnownFileType = file; path = meteorological_service.xlsx; sourceTree = "<group>"; };
		F05AA96028D3104D00B77E4A /* GoogleMapViewModel+Data.swift */ = {isa = PBXFileReference; fileEncoding = 4; lastKnownFileType = sourcecode.swift; path = "GoogleMapViewModel+Data.swift"; sourceTree = "<group>"; };
		F05AA96128D3104D00B77E4A /* GoogleMapViewModel.swift */ = {isa = PBXFileReference; fileEncoding = 4; lastKnownFileType = sourcecode.swift; path = GoogleMapViewModel.swift; sourceTree = "<group>"; };
		F05AA96328D3104D00B77E4A /* GoogleMapView+LocationManager.swift */ = {isa = PBXFileReference; fileEncoding = 4; lastKnownFileType = sourcecode.swift; path = "GoogleMapView+LocationManager.swift"; sourceTree = "<group>"; };
		F05AA96428D3104D00B77E4A /* GoogleMapView+DataFunc.swift */ = {isa = PBXFileReference; fileEncoding = 4; lastKnownFileType = sourcecode.swift; path = "GoogleMapView+DataFunc.swift"; sourceTree = "<group>"; };
		F05AA96528D3104D00B77E4A /* GoogleMapView+MapFunc.swift */ = {isa = PBXFileReference; fileEncoding = 4; lastKnownFileType = sourcecode.swift; path = "GoogleMapView+MapFunc.swift"; sourceTree = "<group>"; };
		F05AA96628D3104D00B77E4A /* GoogleMapView+Bind.swift */ = {isa = PBXFileReference; fileEncoding = 4; lastKnownFileType = sourcecode.swift; path = "GoogleMapView+Bind.swift"; sourceTree = "<group>"; };
		F05AA96728D3104D00B77E4A /* GoogleMapView+MapDelegate.swift */ = {isa = PBXFileReference; fileEncoding = 4; lastKnownFileType = sourcecode.swift; path = "GoogleMapView+MapDelegate.swift"; sourceTree = "<group>"; };
		F05AA96928D3104D00B77E4A /* MeteorologicalItem.swift */ = {isa = PBXFileReference; fileEncoding = 4; lastKnownFileType = sourcecode.swift; path = MeteorologicalItem.swift; sourceTree = "<group>"; };
		F05AA96A28D3104D00B77E4A /* WeatherInfo.swift */ = {isa = PBXFileReference; fileEncoding = 4; lastKnownFileType = sourcecode.swift; path = WeatherInfo.swift; sourceTree = "<group>"; };
		F05AA96C28D3104D00B77E4A /* GoogleMapView.storyboard */ = {isa = PBXFileReference; fileEncoding = 4; lastKnownFileType = file.storyboard; path = GoogleMapView.storyboard; sourceTree = "<group>"; };
		F05AA96E28D3104D00B77E4A /* WeatherMarkerView.swift */ = {isa = PBXFileReference; fileEncoding = 4; lastKnownFileType = sourcecode.swift; path = WeatherMarkerView.swift; sourceTree = "<group>"; };
		F05AA96F28D3104D00B77E4A /* WeatherMarkerInfoView.swift */ = {isa = PBXFileReference; fileEncoding = 4; lastKnownFileType = sourcecode.swift; path = WeatherMarkerInfoView.swift; sourceTree = "<group>"; };
		F05AA97128D3104D00B77E4A /* SearchBarView+TextView.swift */ = {isa = PBXFileReference; fileEncoding = 4; lastKnownFileType = sourcecode.swift; path = "SearchBarView+TextView.swift"; sourceTree = "<group>"; };
		F05AA97228D3104D00B77E4A /* SearchBarView.swift */ = {isa = PBXFileReference; fileEncoding = 4; lastKnownFileType = sourcecode.swift; path = SearchBarView.swift; sourceTree = "<group>"; };
		F05AA97328D3104D00B77E4A /* RegionTableViewController.swift */ = {isa = PBXFileReference; fileEncoding = 4; lastKnownFileType = sourcecode.swift; path = RegionTableViewController.swift; sourceTree = "<group>"; };
		F05AA97428D3104D00B77E4A /* GoogleMapViewController.swift */ = {isa = PBXFileReference; fileEncoding = 4; lastKnownFileType = sourcecode.swift; path = GoogleMapViewController.swift; sourceTree = "<group>"; };
		F05AA99228D3107000B77E4A /* LocalCoordinate+CoreDataClass.swift */ = {isa = PBXFileReference; fileEncoding = 4; lastKnownFileType = sourcecode.swift; path = "LocalCoordinate+CoreDataClass.swift"; sourceTree = "<group>"; };
		F05AA99628D3108300B77E4A /* WeatherModel.xcdatamodel */ = {isa = PBXFileReference; lastKnownFileType = wrapper.xcdatamodel; path = WeatherModel.xcdatamodel; sourceTree = "<group>"; };
		F05AA99828D310D900B77E4A /* Main.storyboard */ = {isa = PBXFileReference; fileEncoding = 4; lastKnownFileType = file.storyboard; path = Main.storyboard; sourceTree = "<group>"; };
		F05AA99F28D3120E00B77E4A /* ViewModelProtocol.swift */ = {isa = PBXFileReference; fileEncoding = 4; lastKnownFileType = sourcecode.swift; path = ViewModelProtocol.swift; sourceTree = "<group>"; };
		F069EC8228D3F12E00A89083 /* SearchBarView+Bind.swift */ = {isa = PBXFileReference; lastKnownFileType = sourcecode.swift; path = "SearchBarView+Bind.swift"; sourceTree = "<group>"; };
		F069EC8628D434D300A89083 /* GoogleMapView+Keyboard.swift */ = {isa = PBXFileReference; lastKnownFileType = sourcecode.swift; path = "GoogleMapView+Keyboard.swift"; sourceTree = "<group>"; };
		F069EC8828D4380D00A89083 /* Animation.swift */ = {isa = PBXFileReference; lastKnownFileType = sourcecode.swift; path = Animation.swift; sourceTree = "<group>"; };
		F069EC8A28D43AF900A89083 /* GoogleMapView+SearchBar.swift */ = {isa = PBXFileReference; lastKnownFileType = sourcecode.swift; path = "GoogleMapView+SearchBar.swift"; sourceTree = "<group>"; };
		F0AD04C828DA993E00D0E7FE /* Date+.swift */ = {isa = PBXFileReference; lastKnownFileType = sourcecode.swift; path = "Date+.swift"; sourceTree = "<group>"; };
		F0C4903728D94CF600D957EF /* LoadingView.swift */ = {isa = PBXFileReference; lastKnownFileType = sourcecode.swift; path = LoadingView.swift; sourceTree = "<group>"; };
		F0C4903A28D9536B00D957EF /* LoadingViewController.swift */ = {isa = PBXFileReference; lastKnownFileType = sourcecode.swift; path = LoadingViewController.swift; sourceTree = "<group>"; };
		F0C4903D28D9852E00D957EF /* Toast.swift */ = {isa = PBXFileReference; lastKnownFileType = sourcecode.swift; path = Toast.swift; sourceTree = "<group>"; };
		F0C4904028D9858000D957EF /* NotifyDelegate.swift */ = {isa = PBXFileReference; lastKnownFileType = sourcecode.swift; path = NotifyDelegate.swift; sourceTree = "<group>"; };
		F0C4904E28D9AC1700D957EF /* LocalCoordinate+CoreDataProperties.swift */ = {isa = PBXFileReference; lastKnownFileType = sourcecode.swift; name = "LocalCoordinate+CoreDataProperties.swift"; path = "/Volumes/500/dev/ToyProject/ToyProject/CoreData/LocalCoordinate+CoreDataProperties.swift"; sourceTree = "<absolute>"; };
		F0C4905428D9AC9A00D957EF /* Weather+CoreDataClass.swift */ = {isa = PBXFileReference; lastKnownFileType = sourcecode.swift; path = "Weather+CoreDataClass.swift"; sourceTree = "<group>"; };
		F0C4905628D9ACCA00D957EF /* Weather+CoreDataProperties.swift */ = {isa = PBXFileReference; lastKnownFileType = sourcecode.swift; path = "Weather+CoreDataProperties.swift"; sourceTree = "<group>"; };
/* End PBXFileReference section */

/* Begin PBXFrameworksBuildPhase section */
		F05AA92728D30B7600B77E4A /* Frameworks */ = {
			isa = PBXFrameworksBuildPhase;
			buildActionMask = 2147483647;
			files = (
				EF6C8DD228D3F8C0000FB249 /* GoogleAPIClientForREST_Translate in Frameworks */,
				F05AA99C28D3117F00B77E4A /* CoreXLSX in Frameworks */,
				EF6C8DCC28D3F8C0000FB249 /* GoogleAPIClientForRESTCore in Frameworks */,
				EF6C8DD028D3F8C0000FB249 /* GoogleAPIClientForREST_Speech in Frameworks */,
				EF6C8DCE28D3F8C0000FB249 /* GoogleAPIClientForREST_Oauth2 in Frameworks */,
				ABCF6EBC90A8E0E37B9E3D7A /* Pods_ToyProject.framework in Frameworks */,
			);
			runOnlyForDeploymentPostprocessing = 0;
		};
/* End PBXFrameworksBuildPhase section */

/* Begin PBXGroup section */
		5D9F6C44CA90679A95B9C7B3 /* Pods */ = {
			isa = PBXGroup;
			children = (
				B9D851FD8AED024BB375828A /* Pods-ToyProject.debug.xcconfig */,
				2289244BC57957B0E03CA89D /* Pods-ToyProject.release.xcconfig */,
			);
			path = Pods;
			sourceTree = "<group>";
		};
		EF6C8DD328D3F97A000FB249 /* GoogleCloud */ = {
			isa = PBXGroup;
			children = (
				EF6C8DD928D3FA1E000FB249 /* Utils */,
				EF6C8DD828D3F9AD000FB249 /* STT */,
				EF6C8DD728D3F9AA000FB249 /* Translate */,
			);
			path = GoogleCloud;
			sourceTree = "<group>";
		};
		EF6C8DD728D3F9AA000FB249 /* Translate */ = {
			isa = PBXGroup;
			children = (
			);
			path = Translate;
			sourceTree = "<group>";
		};
		EF6C8DD828D3F9AD000FB249 /* STT */ = {
			isa = PBXGroup;
			children = (
			);
			path = STT;
			sourceTree = "<group>";
		};
		EF6C8DD928D3FA1E000FB249 /* Utils */ = {
			isa = PBXGroup;
			children = (
				EF6C8DDA28D3FA25000FB249 /* AudioController.swift */,
			);
			path = Utils;
			sourceTree = "<group>";
		};
		F05AA92128D30B7600B77E4A = {
			isa = PBXGroup;
			children = (
				F05AA92C28D30B7600B77E4A /* ToyProject */,
				F05AA92B28D30B7600B77E4A /* Products */,
				5D9F6C44CA90679A95B9C7B3 /* Pods */,
				F5F72CA49790E9CBD706064E /* Frameworks */,
			);
			sourceTree = "<group>";
		};
		F05AA92B28D30B7600B77E4A /* Products */ = {
			isa = PBXGroup;
			children = (
				F05AA92A28D30B7600B77E4A /* ToyProject.app */,
			);
			name = Products;
			sourceTree = "<group>";
		};
		F05AA92C28D30B7600B77E4A /* ToyProject */ = {
			isa = PBXGroup;
			children = (
				F05AA99028D3106700B77E4A /* CoreData */,
				F05AA94128D30FC800B77E4A /* Base */,
				F05AA94428D30FFB00B77E4A /* Module */,
				F05AA95D28D3103B00B77E4A /* Scene */,
				F05AA95828D3101B00B77E4A /* Resource */,
				EF6C8DD328D3F97A000FB249 /* GoogleCloud */,
				F05AA93B28D30B7700B77E4A /* Info.plist */,
				F05AA99528D3108300B77E4A /* Model.xcdatamodeld */,
			);
			path = ToyProject;
			sourceTree = "<group>";
		};
		F05AA94128D30FC800B77E4A /* Base */ = {
			isa = PBXGroup;
			children = (
				F05AA94328D30FD800B77E4A /* View */,
				F05AA94228D30FCF00B77E4A /* Delegate */,
				F05AA93128D30B7600B77E4A /* ViewController.swift */,
				F05AA99F28D3120E00B77E4A /* ViewModelProtocol.swift */,
			);
			path = Base;
			sourceTree = "<group>";
		};
		F05AA94228D30FCF00B77E4A /* Delegate */ = {
			isa = PBXGroup;
			children = (
				F05AA92D28D30B7600B77E4A /* AppDelegate.swift */,
				F05AA92F28D30B7600B77E4A /* SceneDelegate.swift */,
			);
			path = Delegate;
			sourceTree = "<group>";
		};
		F05AA94328D30FD800B77E4A /* View */ = {
			isa = PBXGroup;
			children = (
				F05AA99828D310D900B77E4A /* Main.storyboard */,
				F05AA93828D30B7700B77E4A /* LaunchScreen.storyboard */,
			);
			path = View;
			sourceTree = "<group>";
		};
		F05AA94428D30FFB00B77E4A /* Module */ = {
			isa = PBXGroup;
			children = (
				F0C4903F28D9856600D957EF /* Notify */,
				F05AA94728D3100900B77E4A /* CoreData */,
				F05AA94928D3100900B77E4A /* HTTP */,
				F05AA94528D3100900B77E4A /* Logger */,
				F05AA94B28D3100900B77E4A /* Utils */,
				F05AA94F28D3100A00B77E4A /* Xlsx */,
			);
			path = Module;
			sourceTree = "<group>";
		};
		F05AA94528D3100900B77E4A /* Logger */ = {
			isa = PBXGroup;
			children = (
				F05AA94628D3100900B77E4A /* Logger.swift */,
			);
			path = Logger;
			sourceTree = "<group>";
		};
		F05AA94728D3100900B77E4A /* CoreData */ = {
			isa = PBXGroup;
			children = (
				F05AA94828D3100900B77E4A /* PersistenceManager.swift */,
			);
			path = CoreData;
			sourceTree = "<group>";
		};
		F05AA94928D3100900B77E4A /* HTTP */ = {
			isa = PBXGroup;
			children = (
				F05AA94A28D3100900B77E4A /* HTTPManager.swift */,
			);
			path = HTTP;
			sourceTree = "<group>";
		};
		F05AA94B28D3100900B77E4A /* Utils */ = {
			isa = PBXGroup;
			children = (
				F05AA94C28D3100900B77E4A /* CALayer+.swift */,
				F05AA94D28D3100900B77E4A /* String+.swift */,
				F05AA94E28D3100900B77E4A /* GlobalFunctions.swift */,
				F069EC8828D4380D00A89083 /* Animation.swift */,
				F0AD04C828DA993E00D0E7FE /* Date+.swift */,
			);
			path = Utils;
			sourceTree = "<group>";
		};
		F05AA94F28D3100A00B77E4A /* Xlsx */ = {
			isa = PBXGroup;
			children = (
				F05AA95028D3100A00B77E4A /* OpenXlsx.swift */,
			);
			path = Xlsx;
			sourceTree = "<group>";
		};
		F05AA95828D3101B00B77E4A /* Resource */ = {
			isa = PBXGroup;
			children = (
				F05AA95A28D3102D00B77E4A /* File */,
				F05AA95928D3102300B77E4A /* Assets */,
			);
			path = Resource;
			sourceTree = "<group>";
		};
		F05AA95928D3102300B77E4A /* Assets */ = {
			isa = PBXGroup;
			children = (
				F05AA93628D30B7700B77E4A /* Assets.xcassets */,
			);
			path = Assets;
			sourceTree = "<group>";
		};
		F05AA95A28D3102D00B77E4A /* File */ = {
			isa = PBXGroup;
			children = (
				F05AA95B28D3102D00B77E4A /* meteorological_service.xlsx */,
			);
			path = File;
			sourceTree = "<group>";
		};
		F05AA95D28D3103B00B77E4A /* Scene */ = {
			isa = PBXGroup;
			children = (
				F05AA95E28D3104D00B77E4A /* GoogleMap */,
			);
			path = Scene;
			sourceTree = "<group>";
		};
		F05AA95E28D3104D00B77E4A /* GoogleMap */ = {
			isa = PBXGroup;
			children = (
				F05AA95F28D3104D00B77E4A /* ViewModel */,
				F05AA96828D3104D00B77E4A /* Model */,
				F05AA96B28D3104D00B77E4A /* View */,
				F05AA96228D3104D00B77E4A /* Extension */,
			);
			path = GoogleMap;
			sourceTree = "<group>";
		};
		F05AA95F28D3104D00B77E4A /* ViewModel */ = {
			isa = PBXGroup;
			children = (
				F05AA96128D3104D00B77E4A /* GoogleMapViewModel.swift */,
				F05AA96028D3104D00B77E4A /* GoogleMapViewModel+Data.swift */,
			);
			path = ViewModel;
			sourceTree = "<group>";
		};
		F05AA96228D3104D00B77E4A /* Extension */ = {
			isa = PBXGroup;
			children = (
				F05AA96328D3104D00B77E4A /* GoogleMapView+LocationManager.swift */,
				F05AA96428D3104D00B77E4A /* GoogleMapView+DataFunc.swift */,
				F05AA96528D3104D00B77E4A /* GoogleMapView+MapFunc.swift */,
				F05AA96628D3104D00B77E4A /* GoogleMapView+Bind.swift */,
				F05AA96728D3104D00B77E4A /* GoogleMapView+MapDelegate.swift */,
				F069EC8628D434D300A89083 /* GoogleMapView+Keyboard.swift */,
				F069EC8A28D43AF900A89083 /* GoogleMapView+SearchBar.swift */,
			);
			path = Extension;
			sourceTree = "<group>";
		};
		F05AA96828D3104D00B77E4A /* Model */ = {
			isa = PBXGroup;
			children = (
				F05AA96928D3104D00B77E4A /* MeteorologicalItem.swift */,
				F05AA96A28D3104D00B77E4A /* WeatherInfo.swift */,
			);
			path = Model;
			sourceTree = "<group>";
		};
		F05AA96B28D3104D00B77E4A /* View */ = {
			isa = PBXGroup;
			children = (
				F05AA97428D3104D00B77E4A /* GoogleMapViewController.swift */,
				F05AA96C28D3104D00B77E4A /* GoogleMapView.storyboard */,
				F05AA96D28D3104D00B77E4A /* CustomView */,
			);
			path = View;
			sourceTree = "<group>";
		};
		F05AA96D28D3104D00B77E4A /* CustomView */ = {
			isa = PBXGroup;
			children = (
				F05AA96E28D3104D00B77E4A /* WeatherMarkerView.swift */,
				F05AA96F28D3104D00B77E4A /* WeatherMarkerInfoView.swift */,
				F0C4903928D9535900D957EF /* LoadingView */,
				F05AA97028D3104D00B77E4A /* SearchBarView */,
			);
			path = CustomView;
			sourceTree = "<group>";
		};
		F05AA97028D3104D00B77E4A /* SearchBarView */ = {
			isa = PBXGroup;
			children = (
				F05AA97228D3104D00B77E4A /* SearchBarView.swift */,
				F05AA97128D3104D00B77E4A /* SearchBarView+TextView.swift */,
				F069EC8228D3F12E00A89083 /* SearchBarView+Bind.swift */,
				F05AA97328D3104D00B77E4A /* RegionTableViewController.swift */,
			);
			path = SearchBarView;
			sourceTree = "<group>";
		};
		F05AA99028D3106700B77E4A /* CoreData */ = {
			isa = PBXGroup;
			children = (
				F05AA99228D3107000B77E4A /* LocalCoordinate+CoreDataClass.swift */,
				F0C4904E28D9AC1700D957EF /* LocalCoordinate+CoreDataProperties.swift */,
				F0C4905428D9AC9A00D957EF /* Weather+CoreDataClass.swift */,
				F0C4905628D9ACCA00D957EF /* Weather+CoreDataProperties.swift */,
			);
			path = CoreData;
			sourceTree = "<group>";
		};
		F0C4903928D9535900D957EF /* LoadingView */ = {
			isa = PBXGroup;
			children = (
				F0C4903728D94CF600D957EF /* LoadingView.swift */,
				F0C4903A28D9536B00D957EF /* LoadingViewController.swift */,
			);
			path = LoadingView;
			sourceTree = "<group>";
		};
		F0C4903C28D9851E00D957EF /* Toast */ = {
			isa = PBXGroup;
			children = (
				F0C4903D28D9852E00D957EF /* Toast.swift */,
			);
			path = Toast;
			sourceTree = "<group>";
		};
		F0C4903F28D9856600D957EF /* Notify */ = {
			isa = PBXGroup;
			children = (
				F0C4904028D9858000D957EF /* NotifyDelegate.swift */,
				F0C4903C28D9851E00D957EF /* Toast */,
			);
			path = Notify;
			sourceTree = "<group>";
		};
		F5F72CA49790E9CBD706064E /* Frameworks */ = {
			isa = PBXGroup;
			children = (
				3A439308B305145759E12955 /* Pods_ToyProject.framework */,
			);
			name = Frameworks;
			sourceTree = "<group>";
		};
/* End PBXGroup section */

/* Begin PBXNativeTarget section */
		F05AA92928D30B7600B77E4A /* ToyProject */ = {
			isa = PBXNativeTarget;
			buildConfigurationList = F05AA93E28D30B7700B77E4A /* Build configuration list for PBXNativeTarget "ToyProject" */;
			buildPhases = (
				59C8EC3A8849C71EEB564892 /* [CP] Check Pods Manifest.lock */,
				F05AA92628D30B7600B77E4A /* Sources */,
				F05AA92728D30B7600B77E4A /* Frameworks */,
				F05AA92828D30B7600B77E4A /* Resources */,
				3BDBEBF31FCBB7CDA0CBC094 /* [CP] Embed Pods Frameworks */,
				565DC5F82665B7B8B57CF642 /* [CP] Copy Pods Resources */,
			);
			buildRules = (
			);
			dependencies = (
			);
			name = ToyProject;
			packageProductDependencies = (
				F05AA99B28D3117F00B77E4A /* CoreXLSX */,
				EF6C8DCB28D3F8C0000FB249 /* GoogleAPIClientForRESTCore */,
				EF6C8DCD28D3F8C0000FB249 /* GoogleAPIClientForREST_Oauth2 */,
				EF6C8DCF28D3F8C0000FB249 /* GoogleAPIClientForREST_Speech */,
				EF6C8DD128D3F8C0000FB249 /* GoogleAPIClientForREST_Translate */,
			);
			productName = ToyProject;
			productReference = F05AA92A28D30B7600B77E4A /* ToyProject.app */;
			productType = "com.apple.product-type.application";
		};
/* End PBXNativeTarget section */

/* Begin PBXProject section */
		F05AA92228D30B7600B77E4A /* Project object */ = {
			isa = PBXProject;
			attributes = {
				BuildIndependentTargetsInParallel = 1;
				LastSwiftUpdateCheck = 1340;
				LastUpgradeCheck = 1340;
				TargetAttributes = {
					F05AA92928D30B7600B77E4A = {
						CreatedOnToolsVersion = 13.4.1;
					};
				};
			};
			buildConfigurationList = F05AA92528D30B7600B77E4A /* Build configuration list for PBXProject "ToyProject" */;
			compatibilityVersion = "Xcode 13.0";
			developmentRegion = en;
			hasScannedForEncodings = 0;
			knownRegions = (
				en,
				Base,
			);
			mainGroup = F05AA92128D30B7600B77E4A;
			packageReferences = (
				F05AA99A28D3117F00B77E4A /* XCRemoteSwiftPackageReference "CoreXLSX" */,
				EF6C8DCA28D3F8C0000FB249 /* XCRemoteSwiftPackageReference "google-api-objectivec-client-for-rest" */,
			);
			productRefGroup = F05AA92B28D30B7600B77E4A /* Products */;
			projectDirPath = "";
			projectRoot = "";
			targets = (
				F05AA92928D30B7600B77E4A /* ToyProject */,
			);
		};
/* End PBXProject section */

/* Begin PBXResourcesBuildPhase section */
		F05AA92828D30B7600B77E4A /* Resources */ = {
			isa = PBXResourcesBuildPhase;
			buildActionMask = 2147483647;
			files = (
				F05AA93A28D30B7700B77E4A /* LaunchScreen.storyboard in Resources */,
				F05AA97E28D3104D00B77E4A /* GoogleMapView.storyboard in Resources */,
				F05AA99928D310D900B77E4A /* Main.storyboard in Resources */,
				F05AA93728D30B7700B77E4A /* Assets.xcassets in Resources */,
				F05AA95C28D3102D00B77E4A /* meteorological_service.xlsx in Resources */,
			);
			runOnlyForDeploymentPostprocessing = 0;
		};
/* End PBXResourcesBuildPhase section */

/* Begin PBXShellScriptBuildPhase section */
		3BDBEBF31FCBB7CDA0CBC094 /* [CP] Embed Pods Frameworks */ = {
			isa = PBXShellScriptBuildPhase;
			buildActionMask = 2147483647;
			files = (
			);
			inputFileListPaths = (
				"${PODS_ROOT}/Target Support Files/Pods-ToyProject/Pods-ToyProject-frameworks-${CONFIGURATION}-input-files.xcfilelist",
			);
			name = "[CP] Embed Pods Frameworks";
			outputFileListPaths = (
				"${PODS_ROOT}/Target Support Files/Pods-ToyProject/Pods-ToyProject-frameworks-${CONFIGURATION}-output-files.xcfilelist",
			);
			runOnlyForDeploymentPostprocessing = 0;
			shellPath = /bin/sh;
			shellScript = "\"${PODS_ROOT}/Target Support Files/Pods-ToyProject/Pods-ToyProject-frameworks.sh\"\n";
			showEnvVarsInLog = 0;
		};
		565DC5F82665B7B8B57CF642 /* [CP] Copy Pods Resources */ = {
			isa = PBXShellScriptBuildPhase;
			buildActionMask = 2147483647;
			files = (
			);
			inputFileListPaths = (
				"${PODS_ROOT}/Target Support Files/Pods-ToyProject/Pods-ToyProject-resources-${CONFIGURATION}-input-files.xcfilelist",
			);
			name = "[CP] Copy Pods Resources";
			outputFileListPaths = (
				"${PODS_ROOT}/Target Support Files/Pods-ToyProject/Pods-ToyProject-resources-${CONFIGURATION}-output-files.xcfilelist",
			);
			runOnlyForDeploymentPostprocessing = 0;
			shellPath = /bin/sh;
			shellScript = "\"${PODS_ROOT}/Target Support Files/Pods-ToyProject/Pods-ToyProject-resources.sh\"\n";
			showEnvVarsInLog = 0;
		};
		59C8EC3A8849C71EEB564892 /* [CP] Check Pods Manifest.lock */ = {
			isa = PBXShellScriptBuildPhase;
			buildActionMask = 2147483647;
			files = (
			);
			inputFileListPaths = (
			);
			inputPaths = (
				"${PODS_PODFILE_DIR_PATH}/Podfile.lock",
				"${PODS_ROOT}/Manifest.lock",
			);
			name = "[CP] Check Pods Manifest.lock";
			outputFileListPaths = (
			);
			outputPaths = (
				"$(DERIVED_FILE_DIR)/Pods-ToyProject-checkManifestLockResult.txt",
			);
			runOnlyForDeploymentPostprocessing = 0;
			shellPath = /bin/sh;
			shellScript = "diff \"${PODS_PODFILE_DIR_PATH}/Podfile.lock\" \"${PODS_ROOT}/Manifest.lock\" > /dev/null\nif [ $? != 0 ] ; then\n    # print error to STDERR\n    echo \"error: The sandbox is not in sync with the Podfile.lock. Run 'pod install' or update your CocoaPods installation.\" >&2\n    exit 1\nfi\n# This output is used by Xcode 'outputs' to avoid re-running this script phase.\necho \"SUCCESS\" > \"${SCRIPT_OUTPUT_FILE_0}\"\n";
			showEnvVarsInLog = 0;
		};
/* End PBXShellScriptBuildPhase section */

/* Begin PBXSourcesBuildPhase section */
		F05AA92628D30B7600B77E4A /* Sources */ = {
			isa = PBXSourcesBuildPhase;
			buildActionMask = 2147483647;
			files = (
				F0AD04C928DA993E00D0E7FE /* Date+.swift in Sources */,
				F05AA95428D3100A00B77E4A /* CALayer+.swift in Sources */,
				F0C4904128D9858000D957EF /* NotifyDelegate.swift in Sources */,
				F05AA97A28D3104D00B77E4A /* GoogleMapView+Bind.swift in Sources */,
				F05AA97C28D3104D00B77E4A /* MeteorologicalItem.swift in Sources */,
				F05AA97928D3104D00B77E4A /* GoogleMapView+MapFunc.swift in Sources */,
				F05AA98028D3104D00B77E4A /* WeatherMarkerInfoView.swift in Sources */,
				F05AA93228D30B7600B77E4A /* ViewController.swift in Sources */,
				F05AA98228D3104D00B77E4A /* SearchBarView.swift in Sources */,
				F05AA97B28D3104D00B77E4A /* GoogleMapView+MapDelegate.swift in Sources */,
				F069EC8B28D43AF900A89083 /* GoogleMapView+SearchBar.swift in Sources */,
				F05AA97628D3104D00B77E4A /* GoogleMapViewModel.swift in Sources */,
				F069EC8728D434D300A89083 /* GoogleMapView+Keyboard.swift in Sources */,
				F0C4903E28D9852E00D957EF /* Toast.swift in Sources */,
				F05AA95528D3100A00B77E4A /* String+.swift in Sources */,
				F05AA99428D3107000B77E4A /* LocalCoordinate+CoreDataClass.swift in Sources */,
				F05AA98428D3104D00B77E4A /* GoogleMapViewController.swift in Sources */,
				F05AA95328D3100A00B77E4A /* HTTPManager.swift in Sources */,
				F05AA97528D3104D00B77E4A /* GoogleMapViewModel+Data.swift in Sources */,
				F05AA9A028D3120E00B77E4A /* ViewModelProtocol.swift in Sources */,
				F05AA95228D3100A00B77E4A /* PersistenceManager.swift in Sources */,
				F069EC8928D4380D00A89083 /* Animation.swift in Sources */,
				F05AA97F28D3104D00B77E4A /* WeatherMarkerView.swift in Sources */,
				F05AA92E28D30B7600B77E4A /* AppDelegate.swift in Sources */,
				F05AA99728D3108300B77E4A /* Model.xcdatamodeld in Sources */,
				F0C4903B28D9536B00D957EF /* LoadingViewController.swift in Sources */,
				EF6C8DDB28D3FA25000FB249 /* AudioController.swift in Sources */,
				F05AA98128D3104D00B77E4A /* SearchBarView+TextView.swift in Sources */,
				F05AA93028D30B7600B77E4A /* SceneDelegate.swift in Sources */,
				F05AA95128D3100A00B77E4A /* Logger.swift in Sources */,
				F05AA95728D3100A00B77E4A /* OpenXlsx.swift in Sources */,
				F0C4905328D9AC1700D957EF /* LocalCoordinate+CoreDataProperties.swift in Sources */,
				F05AA97728D3104D00B77E4A /* GoogleMapView+LocationManager.swift in Sources */,
				F05AA97D28D3104D00B77E4A /* WeatherInfo.swift in Sources */,
				F05AA98328D3104D00B77E4A /* RegionTableViewController.swift in Sources */,
				F069EC8328D3F12E00A89083 /* SearchBarView+Bind.swift in Sources */,
				F05AA97828D3104D00B77E4A /* GoogleMapView+DataFunc.swift in Sources */,
				F0C4903828D94CF600D957EF /* LoadingView.swift in Sources */,
				F05AA95628D3100A00B77E4A /* GlobalFunctions.swift in Sources */,
			);
			runOnlyForDeploymentPostprocessing = 0;
		};
/* End PBXSourcesBuildPhase section */

/* Begin PBXVariantGroup section */
		F05AA93828D30B7700B77E4A /* LaunchScreen.storyboard */ = {
			isa = PBXVariantGroup;
			children = (
				F05AA93928D30B7700B77E4A /* Base */,
			);
			name = LaunchScreen.storyboard;
			sourceTree = "<group>";
		};
/* End PBXVariantGroup section */

/* Begin XCBuildConfiguration section */
		F05AA93C28D30B7700B77E4A /* Debug */ = {
			isa = XCBuildConfiguration;
			buildSettings = {
				ALWAYS_SEARCH_USER_PATHS = NO;
				CLANG_ANALYZER_NONNULL = YES;
				CLANG_ANALYZER_NUMBER_OBJECT_CONVERSION = YES_AGGRESSIVE;
				CLANG_CXX_LANGUAGE_STANDARD = "gnu++17";
				CLANG_ENABLE_MODULES = YES;
				CLANG_ENABLE_OBJC_ARC = YES;
				CLANG_ENABLE_OBJC_WEAK = YES;
				CLANG_WARN_BLOCK_CAPTURE_AUTORELEASING = YES;
				CLANG_WARN_BOOL_CONVERSION = YES;
				CLANG_WARN_COMMA = YES;
				CLANG_WARN_CONSTANT_CONVERSION = YES;
				CLANG_WARN_DEPRECATED_OBJC_IMPLEMENTATIONS = YES;
				CLANG_WARN_DIRECT_OBJC_ISA_USAGE = YES_ERROR;
				CLANG_WARN_DOCUMENTATION_COMMENTS = YES;
				CLANG_WARN_EMPTY_BODY = YES;
				CLANG_WARN_ENUM_CONVERSION = YES;
				CLANG_WARN_INFINITE_RECURSION = YES;
				CLANG_WARN_INT_CONVERSION = YES;
				CLANG_WARN_NON_LITERAL_NULL_CONVERSION = YES;
				CLANG_WARN_OBJC_IMPLICIT_RETAIN_SELF = YES;
				CLANG_WARN_OBJC_LITERAL_CONVERSION = YES;
				CLANG_WARN_OBJC_ROOT_CLASS = YES_ERROR;
				CLANG_WARN_QUOTED_INCLUDE_IN_FRAMEWORK_HEADER = YES;
				CLANG_WARN_RANGE_LOOP_ANALYSIS = YES;
				CLANG_WARN_STRICT_PROTOTYPES = YES;
				CLANG_WARN_SUSPICIOUS_MOVE = YES;
				CLANG_WARN_UNGUARDED_AVAILABILITY = YES_AGGRESSIVE;
				CLANG_WARN_UNREACHABLE_CODE = YES;
				CLANG_WARN__DUPLICATE_METHOD_MATCH = YES;
				COPY_PHASE_STRIP = NO;
				DEBUG_INFORMATION_FORMAT = dwarf;
				ENABLE_STRICT_OBJC_MSGSEND = YES;
				ENABLE_TESTABILITY = YES;
				GCC_C_LANGUAGE_STANDARD = gnu11;
				GCC_DYNAMIC_NO_PIC = NO;
				GCC_NO_COMMON_BLOCKS = YES;
				GCC_OPTIMIZATION_LEVEL = 0;
				GCC_PREPROCESSOR_DEFINITIONS = (
					"DEBUG=1",
					"$(inherited)",
				);
				GCC_WARN_64_TO_32_BIT_CONVERSION = YES;
				GCC_WARN_ABOUT_RETURN_TYPE = YES_ERROR;
				GCC_WARN_UNDECLARED_SELECTOR = YES;
				GCC_WARN_UNINITIALIZED_AUTOS = YES_AGGRESSIVE;
				GCC_WARN_UNUSED_FUNCTION = YES;
				GCC_WARN_UNUSED_VARIABLE = YES;
				IPHONEOS_DEPLOYMENT_TARGET = 15.5;
				MTL_ENABLE_DEBUG_INFO = INCLUDE_SOURCE;
				MTL_FAST_MATH = YES;
				ONLY_ACTIVE_ARCH = YES;
				SDKROOT = iphoneos;
				SWIFT_ACTIVE_COMPILATION_CONDITIONS = DEBUG;
				SWIFT_OPTIMIZATION_LEVEL = "-Onone";
			};
			name = Debug;
		};
		F05AA93D28D30B7700B77E4A /* Release */ = {
			isa = XCBuildConfiguration;
			buildSettings = {
				ALWAYS_SEARCH_USER_PATHS = NO;
				CLANG_ANALYZER_NONNULL = YES;
				CLANG_ANALYZER_NUMBER_OBJECT_CONVERSION = YES_AGGRESSIVE;
				CLANG_CXX_LANGUAGE_STANDARD = "gnu++17";
				CLANG_ENABLE_MODULES = YES;
				CLANG_ENABLE_OBJC_ARC = YES;
				CLANG_ENABLE_OBJC_WEAK = YES;
				CLANG_WARN_BLOCK_CAPTURE_AUTORELEASING = YES;
				CLANG_WARN_BOOL_CONVERSION = YES;
				CLANG_WARN_COMMA = YES;
				CLANG_WARN_CONSTANT_CONVERSION = YES;
				CLANG_WARN_DEPRECATED_OBJC_IMPLEMENTATIONS = YES;
				CLANG_WARN_DIRECT_OBJC_ISA_USAGE = YES_ERROR;
				CLANG_WARN_DOCUMENTATION_COMMENTS = YES;
				CLANG_WARN_EMPTY_BODY = YES;
				CLANG_WARN_ENUM_CONVERSION = YES;
				CLANG_WARN_INFINITE_RECURSION = YES;
				CLANG_WARN_INT_CONVERSION = YES;
				CLANG_WARN_NON_LITERAL_NULL_CONVERSION = YES;
				CLANG_WARN_OBJC_IMPLICIT_RETAIN_SELF = YES;
				CLANG_WARN_OBJC_LITERAL_CONVERSION = YES;
				CLANG_WARN_OBJC_ROOT_CLASS = YES_ERROR;
				CLANG_WARN_QUOTED_INCLUDE_IN_FRAMEWORK_HEADER = YES;
				CLANG_WARN_RANGE_LOOP_ANALYSIS = YES;
				CLANG_WARN_STRICT_PROTOTYPES = YES;
				CLANG_WARN_SUSPICIOUS_MOVE = YES;
				CLANG_WARN_UNGUARDED_AVAILABILITY = YES_AGGRESSIVE;
				CLANG_WARN_UNREACHABLE_CODE = YES;
				CLANG_WARN__DUPLICATE_METHOD_MATCH = YES;
				COPY_PHASE_STRIP = NO;
				DEBUG_INFORMATION_FORMAT = "dwarf-with-dsym";
				ENABLE_NS_ASSERTIONS = NO;
				ENABLE_STRICT_OBJC_MSGSEND = YES;
				GCC_C_LANGUAGE_STANDARD = gnu11;
				GCC_NO_COMMON_BLOCKS = YES;
				GCC_WARN_64_TO_32_BIT_CONVERSION = YES;
				GCC_WARN_ABOUT_RETURN_TYPE = YES_ERROR;
				GCC_WARN_UNDECLARED_SELECTOR = YES;
				GCC_WARN_UNINITIALIZED_AUTOS = YES_AGGRESSIVE;
				GCC_WARN_UNUSED_FUNCTION = YES;
				GCC_WARN_UNUSED_VARIABLE = YES;
				IPHONEOS_DEPLOYMENT_TARGET = 15.5;
				MTL_ENABLE_DEBUG_INFO = NO;
				MTL_FAST_MATH = YES;
				SDKROOT = iphoneos;
				SWIFT_COMPILATION_MODE = wholemodule;
				SWIFT_OPTIMIZATION_LEVEL = "-O";
				VALIDATE_PRODUCT = YES;
			};
			name = Release;
		};
		F05AA93F28D30B7700B77E4A /* Debug */ = {
			isa = XCBuildConfiguration;
			baseConfigurationReference = B9D851FD8AED024BB375828A /* Pods-ToyProject.debug.xcconfig */;
			buildSettings = {
				ASSETCATALOG_COMPILER_APPICON_NAME = AppIcon;
				ASSETCATALOG_COMPILER_GLOBAL_ACCENT_COLOR_NAME = AccentColor;
				CODE_SIGN_STYLE = Automatic;
				CURRENT_PROJECT_VERSION = 1;
				DEVELOPMENT_TEAM = CBM8C92C3U;
				GENERATE_INFOPLIST_FILE = YES;
				INFOPLIST_FILE = ToyProject/Info.plist;
				INFOPLIST_KEY_UIApplicationSupportsIndirectInputEvents = YES;
				INFOPLIST_KEY_UILaunchStoryboardName = LaunchScreen;
				INFOPLIST_KEY_UIMainStoryboardFile = Main;
				INFOPLIST_KEY_UISupportedInterfaceOrientations_iPad = "UIInterfaceOrientationPortrait UIInterfaceOrientationPortraitUpsideDown UIInterfaceOrientationLandscapeLeft UIInterfaceOrientationLandscapeRight";
				INFOPLIST_KEY_UISupportedInterfaceOrientations_iPhone = "UIInterfaceOrientationPortrait UIInterfaceOrientationLandscapeLeft UIInterfaceOrientationLandscapeRight";
				LD_RUNPATH_SEARCH_PATHS = (
					"$(inherited)",
					"@executable_path/Frameworks",
				);
				MARKETING_VERSION = 1.0;
				PRODUCT_BUNDLE_IDENTIFIER = test.test.ToyProject;
				PRODUCT_NAME = "$(TARGET_NAME)";
				SWIFT_EMIT_LOC_STRINGS = YES;
				SWIFT_VERSION = 5.0;
				TARGETED_DEVICE_FAMILY = "1,2";
			};
			name = Debug;
		};
		F05AA94028D30B7700B77E4A /* Release */ = {
			isa = XCBuildConfiguration;
			baseConfigurationReference = 2289244BC57957B0E03CA89D /* Pods-ToyProject.release.xcconfig */;
			buildSettings = {
				ASSETCATALOG_COMPILER_APPICON_NAME = AppIcon;
				ASSETCATALOG_COMPILER_GLOBAL_ACCENT_COLOR_NAME = AccentColor;
				CODE_SIGN_STYLE = Automatic;
				CURRENT_PROJECT_VERSION = 1;
				DEVELOPMENT_TEAM = CBM8C92C3U;
				GENERATE_INFOPLIST_FILE = YES;
				INFOPLIST_FILE = ToyProject/Info.plist;
				INFOPLIST_KEY_UIApplicationSupportsIndirectInputEvents = YES;
				INFOPLIST_KEY_UILaunchStoryboardName = LaunchScreen;
				INFOPLIST_KEY_UIMainStoryboardFile = Main;
				INFOPLIST_KEY_UISupportedInterfaceOrientations_iPad = "UIInterfaceOrientationPortrait UIInterfaceOrientationPortraitUpsideDown UIInterfaceOrientationLandscapeLeft UIInterfaceOrientationLandscapeRight";
				INFOPLIST_KEY_UISupportedInterfaceOrientations_iPhone = "UIInterfaceOrientationPortrait UIInterfaceOrientationLandscapeLeft UIInterfaceOrientationLandscapeRight";
				LD_RUNPATH_SEARCH_PATHS = (
					"$(inherited)",
					"@executable_path/Frameworks",
				);
				MARKETING_VERSION = 1.0;
				PRODUCT_BUNDLE_IDENTIFIER = test.test.ToyProject;
				PRODUCT_NAME = "$(TARGET_NAME)";
				SWIFT_EMIT_LOC_STRINGS = YES;
				SWIFT_VERSION = 5.0;
				TARGETED_DEVICE_FAMILY = "1,2";
			};
			name = Release;
		};
/* End XCBuildConfiguration section */

/* Begin XCConfigurationList section */
		F05AA92528D30B7600B77E4A /* Build configuration list for PBXProject "ToyProject" */ = {
			isa = XCConfigurationList;
			buildConfigurations = (
				F05AA93C28D30B7700B77E4A /* Debug */,
				F05AA93D28D30B7700B77E4A /* Release */,
			);
			defaultConfigurationIsVisible = 0;
			defaultConfigurationName = Release;
		};
		F05AA93E28D30B7700B77E4A /* Build configuration list for PBXNativeTarget "ToyProject" */ = {
			isa = XCConfigurationList;
			buildConfigurations = (
				F05AA93F28D30B7700B77E4A /* Debug */,
				F05AA94028D30B7700B77E4A /* Release */,
			);
			defaultConfigurationIsVisible = 0;
			defaultConfigurationName = Release;
		};
/* End XCConfigurationList section */

/* Begin XCRemoteSwiftPackageReference section */
		EF6C8DCA28D3F8C0000FB249 /* XCRemoteSwiftPackageReference "google-api-objectivec-client-for-rest" */ = {
			isa = XCRemoteSwiftPackageReference;
			repositoryURL = "https://github.com/google/google-api-objectivec-client-for-rest.git";
			requirement = {
				kind = upToNextMajorVersion;
				minimumVersion = 2.0.1;
			};
		};
		F05AA99A28D3117F00B77E4A /* XCRemoteSwiftPackageReference "CoreXLSX" */ = {
			isa = XCRemoteSwiftPackageReference;
			repositoryURL = "https://github.com/CoreOffice/CoreXLSX.git";
			requirement = {
				kind = upToNextMajorVersion;
				minimumVersion = 0.9.1;
			};
		};
/* End XCRemoteSwiftPackageReference section */

/* Begin XCSwiftPackageProductDependency section */
		EF6C8DCB28D3F8C0000FB249 /* GoogleAPIClientForRESTCore */ = {
			isa = XCSwiftPackageProductDependency;
			package = EF6C8DCA28D3F8C0000FB249 /* XCRemoteSwiftPackageReference "google-api-objectivec-client-for-rest" */;
			productName = GoogleAPIClientForRESTCore;
		};
		EF6C8DCD28D3F8C0000FB249 /* GoogleAPIClientForREST_Oauth2 */ = {
			isa = XCSwiftPackageProductDependency;
			package = EF6C8DCA28D3F8C0000FB249 /* XCRemoteSwiftPackageReference "google-api-objectivec-client-for-rest" */;
			productName = GoogleAPIClientForREST_Oauth2;
		};
		EF6C8DCF28D3F8C0000FB249 /* GoogleAPIClientForREST_Speech */ = {
			isa = XCSwiftPackageProductDependency;
			package = EF6C8DCA28D3F8C0000FB249 /* XCRemoteSwiftPackageReference "google-api-objectivec-client-for-rest" */;
			productName = GoogleAPIClientForREST_Speech;
		};
		EF6C8DD128D3F8C0000FB249 /* GoogleAPIClientForREST_Translate */ = {
			isa = XCSwiftPackageProductDependency;
			package = EF6C8DCA28D3F8C0000FB249 /* XCRemoteSwiftPackageReference "google-api-objectivec-client-for-rest" */;
			productName = GoogleAPIClientForREST_Translate;
		};
		F05AA99B28D3117F00B77E4A /* CoreXLSX */ = {
			isa = XCSwiftPackageProductDependency;
			package = F05AA99A28D3117F00B77E4A /* XCRemoteSwiftPackageReference "CoreXLSX" */;
			productName = CoreXLSX;
		};
/* End XCSwiftPackageProductDependency section */

/* Begin XCVersionGroup section */
		F05AA99528D3108300B77E4A /* Model.xcdatamodeld */ = {
			isa = XCVersionGroup;
			children = (
				F05AA99628D3108300B77E4A /* WeatherModel.xcdatamodel */,
			);
			currentVersion = F05AA99628D3108300B77E4A /* WeatherModel.xcdatamodel */;
			path = Model.xcdatamodeld;
			sourceTree = "<group>";
			versionGroupType = wrapper.xcdatamodel;
		};
/* End XCVersionGroup section */
	};
	rootObject = F05AA92228D30B7600B77E4A /* Project object */;
}
